// !$*UTF8*$!
{
	archiveVersion = 1;
	classes = {
	};
	objectVersion = 46;
	objects = {

/* Begin PBXBuildFile section */
		4402CE001C28C95A00F11AA8 /* libSDL2-2.0.0.dylib in Frameworks */ = {isa = PBXBuildFile; fileRef = 447B54141BF04A9600BB5977 /* libSDL2-2.0.0.dylib */; };
		44040E461C18E3410058A84B /* libassimp.3.1.1.dylib in Frameworks */ = {isa = PBXBuildFile; fileRef = 44040E451C18E3410058A84B /* libassimp.3.1.1.dylib */; };
		440536D31E01F85600D05404 /* planet_color_component.cpp in Sources */ = {isa = PBXBuildFile; fileRef = 440536D11E01F85600D05404 /* planet_color_component.cpp */; };
		4415CD891BDD70CC00E91770 /* CoreFoundation.framework in Frameworks */ = {isa = PBXBuildFile; fileRef = 4415CD881BDD70CC00E91770 /* CoreFoundation.framework */; };
		4421D5CC1C2C731600180432 /* CoreGraphics.framework in Frameworks */ = {isa = PBXBuildFile; fileRef = 4421D5CB1C2C731600180432 /* CoreGraphics.framework */; };
		447FDCFA1DFF604900C6822B /* main.cpp in Sources */ = {isa = PBXBuildFile; fileRef = 447FDCF91DFF604900C6822B /* main.cpp */; };
		447FDD061DFF606100C6822B /* input_framework.cpp in Sources */ = {isa = PBXBuildFile; fileRef = 447FDCFD1DFF606100C6822B /* input_framework.cpp */; };
		447FDD071DFF606100C6822B /* render_framework.cpp in Sources */ = {isa = PBXBuildFile; fileRef = 447FDD001DFF606100C6822B /* render_framework.cpp */; };
		447FDD081DFF606100C6822B /* stb_image.c in Sources */ = {isa = PBXBuildFile; fileRef = 447FDD021DFF606100C6822B /* stb_image.c */; };
		447FDD091DFF606100C6822B /* window_framework.cpp in Sources */ = {isa = PBXBuildFile; fileRef = 447FDD041DFF606100C6822B /* window_framework.cpp */; };
		447FDD131DFF606D00C6822B /* file_utility.cpp in Sources */ = {isa = PBXBuildFile; fileRef = 447FDD0A1DFF606D00C6822B /* file_utility.cpp */; };
		447FDD141DFF606D00C6822B /* platform.cpp in Sources */ = {isa = PBXBuildFile; fileRef = 447FDD0C1DFF606D00C6822B /* platform.cpp */; };
		447FDD151DFF606D00C6822B /* timer.cpp in Sources */ = {isa = PBXBuildFile; fileRef = 447FDD0F1DFF606D00C6822B /* timer.cpp */; };
		447FDD161DFF606D00C6822B /* timing.cpp in Sources */ = {isa = PBXBuildFile; fileRef = 447FDD111DFF606D00C6822B /* timing.cpp */; };
		447FDD1E1DFF608400C6822B /* config.cpp in Sources */ = {isa = PBXBuildFile; fileRef = 447FDD171DFF608400C6822B /* config.cpp */; };
		447FDD1F1DFF608400C6822B /* logger.cpp in Sources */ = {isa = PBXBuildFile; fileRef = 447FDD1A1DFF608400C6822B /* logger.cpp */; };
		447FDD201DFF608400C6822B /* reference_counter.cpp in Sources */ = {isa = PBXBuildFile; fileRef = 447FDD1C1DFF608400C6822B /* reference_counter.cpp */; };
		447FDD291DFF609100C6822B /* config_utility.cpp in Sources */ = {isa = PBXBuildFile; fileRef = 447FDD211DFF609100C6822B /* config_utility.cpp */; };
		447FDD2A1DFF609100C6822B /* hash_utility.cpp in Sources */ = {isa = PBXBuildFile; fileRef = 447FDD231DFF609100C6822B /* hash_utility.cpp */; };
		447FDD2B1DFF609100C6822B /* input_utility.cpp in Sources */ = {isa = PBXBuildFile; fileRef = 447FDD251DFF609100C6822B /* input_utility.cpp */; };
		447FDD2C1DFF609100C6822B /* string_utility.cpp in Sources */ = {isa = PBXBuildFile; fileRef = 447FDD271DFF609100C6822B /* string_utility.cpp */; };
		447FDD351DFF609A00C6822B /* mersenne_twister.cpp in Sources */ = {isa = PBXBuildFile; fileRef = 447FDD2F1DFF609A00C6822B /* mersenne_twister.cpp */; };
		447FDD361DFF609A00C6822B /* random.cpp in Sources */ = {isa = PBXBuildFile; fileRef = 447FDD321DFF609A00C6822B /* random.cpp */; };
		447FDD391DFF60A700C6822B /* core_engine.cpp in Sources */ = {isa = PBXBuildFile; fileRef = 447FDD371DFF60A700C6822B /* core_engine.cpp */; };
		447FDD441DFF60BF00C6822B /* colorized_mesh.cpp in Sources */ = {isa = PBXBuildFile; fileRef = 447FDD3A1DFF60BF00C6822B /* colorized_mesh.cpp */; };
		447FDD451DFF60BF00C6822B /* lighting.cpp in Sources */ = {isa = PBXBuildFile; fileRef = 447FDD3C1DFF60BF00C6822B /* lighting.cpp */; };
		447FDD461DFF60BF00C6822B /* material.cpp in Sources */ = {isa = PBXBuildFile; fileRef = 447FDD3E1DFF60BF00C6822B /* material.cpp */; };
		447FDD471DFF60BF00C6822B /* mesh.cpp in Sources */ = {isa = PBXBuildFile; fileRef = 447FDD401DFF60BF00C6822B /* mesh.cpp */; };
		447FDD481DFF60BF00C6822B /* texture.cpp in Sources */ = {isa = PBXBuildFile; fileRef = 447FDD421DFF60BF00C6822B /* texture.cpp */; };
		447FDD511DFF60CD00C6822B /* basic_shader.cpp in Sources */ = {isa = PBXBuildFile; fileRef = 447FDD4A1DFF60CD00C6822B /* basic_shader.cpp */; };
		447FDD521DFF60CD00C6822B /* colorized_shader.cpp in Sources */ = {isa = PBXBuildFile; fileRef = 447FDD4C1DFF60CD00C6822B /* colorized_shader.cpp */; };
		447FDD531DFF60CD00C6822B /* shader.cpp in Sources */ = {isa = PBXBuildFile; fileRef = 447FDD4F1DFF60CD00C6822B /* shader.cpp */; };
		447FDD561DFF60DD00C6822B /* entity.cpp in Sources */ = {isa = PBXBuildFile; fileRef = 447FDD541DFF60DD00C6822B /* entity.cpp */; };
		447FDD601DFF60EF00C6822B /* component.cpp in Sources */ = {isa = PBXBuildFile; fileRef = 447FDD581DFF60EF00C6822B /* component.cpp */; };
		447FDD611DFF60EF00C6822B /* input_component.cpp in Sources */ = {isa = PBXBuildFile; fileRef = 447FDD5A1DFF60EF00C6822B /* input_component.cpp */; };
		447FDD621DFF60EF00C6822B /* render_component.cpp in Sources */ = {isa = PBXBuildFile; fileRef = 447FDD5C1DFF60EF00C6822B /* render_component.cpp */; };
		447FDD631DFF60EF00C6822B /* update_component.cpp in Sources */ = {isa = PBXBuildFile; fileRef = 447FDD5E1DFF60EF00C6822B /* update_component.cpp */; };
		447FDD6B1DFF610600C6822B /* fl_fm_component.cpp in Sources */ = {isa = PBXBuildFile; fileRef = 447FDD651DFF610600C6822B /* fl_fm_component.cpp */; };
		447FDD6C1DFF610600C6822B /* free_look_component.cpp in Sources */ = {isa = PBXBuildFile; fileRef = 447FDD671DFF610600C6822B /* free_look_component.cpp */; };
		447FDD6D1DFF610600C6822B /* free_move_component.cpp in Sources */ = {isa = PBXBuildFile; fileRef = 447FDD691DFF610600C6822B /* free_move_component.cpp */; };
		447FDD741DFF611800C6822B /* input.cpp in Sources */ = {isa = PBXBuildFile; fileRef = 447FDD6E1DFF611800C6822B /* input.cpp */; };
		447FDD751DFF611800C6822B /* transform.cpp in Sources */ = {isa = PBXBuildFile; fileRef = 447FDD701DFF611800C6822B /* transform.cpp */; };
		447FDD761DFF611800C6822B /* window.cpp in Sources */ = {isa = PBXBuildFile; fileRef = 447FDD721DFF611800C6822B /* window.cpp */; };
		447FDD7F1DFF612300C6822B /* input_system.cpp in Sources */ = {isa = PBXBuildFile; fileRef = 447FDD771DFF612300C6822B /* input_system.cpp */; };
		447FDD801DFF612300C6822B /* render_system.cpp in Sources */ = {isa = PBXBuildFile; fileRef = 447FDD791DFF612300C6822B /* render_system.cpp */; };
		447FDD811DFF612300C6822B /* system.cpp in Sources */ = {isa = PBXBuildFile; fileRef = 447FDD7B1DFF612300C6822B /* system.cpp */; };
		447FDD821DFF612300C6822B /* update_system.cpp in Sources */ = {isa = PBXBuildFile; fileRef = 447FDD7D1DFF612300C6822B /* update_system.cpp */; };
		447FDD871DFF612C00C6822B /* game.cpp in Sources */ = {isa = PBXBuildFile; fileRef = 447FDD831DFF612C00C6822B /* game.cpp */; };
		447FDD881DFF612C00C6822B /* planet.cpp in Sources */ = {isa = PBXBuildFile; fileRef = 447FDD851DFF612C00C6822B /* planet.cpp */; };
		447FDD981DFF615000C6822B /* font_resource.cpp in Sources */ = {isa = PBXBuildFile; fileRef = 447FDD891DFF615000C6822B /* font_resource.cpp */; };
		447FDD991DFF615000C6822B /* game_resource.cpp in Sources */ = {isa = PBXBuildFile; fileRef = 447FDD8B1DFF615000C6822B /* game_resource.cpp */; };
		447FDD9A1DFF615000C6822B /* material_resource.cpp in Sources */ = {isa = PBXBuildFile; fileRef = 447FDD8D1DFF615000C6822B /* material_resource.cpp */; };
		447FDD9B1DFF615000C6822B /* mesh_resource.cpp in Sources */ = {isa = PBXBuildFile; fileRef = 447FDD8F1DFF615000C6822B /* mesh_resource.cpp */; };
		447FDD9C1DFF615000C6822B /* shader_resource.cpp in Sources */ = {isa = PBXBuildFile; fileRef = 447FDD921DFF615000C6822B /* shader_resource.cpp */; };
		447FDD9D1DFF615000C6822B /* system_resource.cpp in Sources */ = {isa = PBXBuildFile; fileRef = 447FDD941DFF615000C6822B /* system_resource.cpp */; };
		447FDD9E1DFF615000C6822B /* texture_resource.cpp in Sources */ = {isa = PBXBuildFile; fileRef = 447FDD961DFF615000C6822B /* texture_resource.cpp */; };
		449D85F41BD6B6F300B72584 /* OpenGL.framework in Frameworks */ = {isa = PBXBuildFile; fileRef = 449D85F31BD6B6F300B72584 /* OpenGL.framework */; };
		449D85F91BD6BB0900B72584 /* libGLEW.1.12.0.dylib in Frameworks */ = {isa = PBXBuildFile; fileRef = 449D85F81BD6BB0900B72584 /* libGLEW.1.12.0.dylib */; };
/* End PBXBuildFile section */

/* Begin PBXCopyFilesBuildPhase section */
		44D3CD6A1BCBFAED0074E300 /* CopyFiles */ = {
			isa = PBXCopyFilesBuildPhase;
			buildActionMask = 2147483647;
			dstPath = /usr/share/man/man1/;
			dstSubfolderSpec = 0;
			files = (
			);
			runOnlyForDeploymentPostprocessing = 1;
		};
/* End PBXCopyFilesBuildPhase section */

/* Begin PBXFileReference section */
		44040E451C18E3410058A84B /* libassimp.3.1.1.dylib */ = {isa = PBXFileReference; lastKnownFileType = "compiled.mach-o.dylib"; name = libassimp.3.1.1.dylib; path = ../../../../usr/local/Cellar/assimp/3.1.1/lib/libassimp.3.1.1.dylib; sourceTree = "<group>"; };
		440536D11E01F85600D05404 /* planet_color_component.cpp */ = {isa = PBXFileReference; fileEncoding = 4; lastKnownFileType = sourcecode.cpp.cpp; name = planet_color_component.cpp; path = Engine/Component/Input_Components/planet_color_component.cpp; sourceTree = "<group>"; };
		440536D21E01F85600D05404 /* planet_color_component.h */ = {isa = PBXFileReference; fileEncoding = 4; lastKnownFileType = sourcecode.c.h; name = planet_color_component.h; path = Engine/Component/Input_Components/planet_color_component.h; sourceTree = "<group>"; };
		4415CD881BDD70CC00E91770 /* CoreFoundation.framework */ = {isa = PBXFileReference; lastKnownFileType = wrapper.framework; name = CoreFoundation.framework; path = System/Library/Frameworks/CoreFoundation.framework; sourceTree = SDKROOT; };
		4421D5CB1C2C731600180432 /* CoreGraphics.framework */ = {isa = PBXFileReference; lastKnownFileType = wrapper.framework; name = CoreGraphics.framework; path = System/Library/Frameworks/CoreGraphics.framework; sourceTree = SDKROOT; };
		447B54141BF04A9600BB5977 /* libSDL2-2.0.0.dylib */ = {isa = PBXFileReference; lastKnownFileType = "compiled.mach-o.dylib"; name = "libSDL2-2.0.0.dylib"; path = "../../../../usr/local/Cellar/sdl2/2.0.3/lib/libSDL2-2.0.0.dylib"; sourceTree = "<group>"; };
		447FDCF91DFF604900C6822B /* main.cpp */ = {isa = PBXFileReference; fileEncoding = 4; lastKnownFileType = sourcecode.cpp.cpp; path = main.cpp; sourceTree = "<group>"; };
		447FDCFB1DFF606100C6822B /* buttons.h */ = {isa = PBXFileReference; fileEncoding = 4; lastKnownFileType = sourcecode.c.h; name = buttons.h; path = Framework/buttons.h; sourceTree = "<group>"; };
		447FDCFC1DFF606100C6822B /* framework.txt */ = {isa = PBXFileReference; fileEncoding = 4; lastKnownFileType = text; name = framework.txt; path = Framework/framework.txt; sourceTree = "<group>"; };
		447FDCFD1DFF606100C6822B /* input_framework.cpp */ = {isa = PBXFileReference; fileEncoding = 4; lastKnownFileType = sourcecode.cpp.cpp; name = input_framework.cpp; path = Framework/input_framework.cpp; sourceTree = "<group>"; };
		447FDCFE1DFF606100C6822B /* input_framework.h */ = {isa = PBXFileReference; fileEncoding = 4; lastKnownFileType = sourcecode.c.h; name = input_framework.h; path = Framework/input_framework.h; sourceTree = "<group>"; };
		447FDCFF1DFF606100C6822B /* keys.h */ = {isa = PBXFileReference; fileEncoding = 4; lastKnownFileType = sourcecode.c.h; name = keys.h; path = Framework/keys.h; sourceTree = "<group>"; };
		447FDD001DFF606100C6822B /* render_framework.cpp */ = {isa = PBXFileReference; fileEncoding = 4; lastKnownFileType = sourcecode.cpp.cpp; name = render_framework.cpp; path = Framework/render_framework.cpp; sourceTree = "<group>"; };
		447FDD011DFF606100C6822B /* render_framework.h */ = {isa = PBXFileReference; fileEncoding = 4; lastKnownFileType = sourcecode.c.h; name = render_framework.h; path = Framework/render_framework.h; sourceTree = "<group>"; };
		447FDD021DFF606100C6822B /* stb_image.c */ = {isa = PBXFileReference; fileEncoding = 4; lastKnownFileType = sourcecode.c.c; name = stb_image.c; path = Framework/stb_image.c; sourceTree = "<group>"; };
		447FDD031DFF606100C6822B /* stb_image.h */ = {isa = PBXFileReference; fileEncoding = 4; lastKnownFileType = sourcecode.c.h; name = stb_image.h; path = Framework/stb_image.h; sourceTree = "<group>"; };
		447FDD041DFF606100C6822B /* window_framework.cpp */ = {isa = PBXFileReference; fileEncoding = 4; lastKnownFileType = sourcecode.cpp.cpp; name = window_framework.cpp; path = Framework/window_framework.cpp; sourceTree = "<group>"; };
		447FDD051DFF606100C6822B /* window_framework.h */ = {isa = PBXFileReference; fileEncoding = 4; lastKnownFileType = sourcecode.c.h; name = window_framework.h; path = Framework/window_framework.h; sourceTree = "<group>"; };
		447FDD0A1DFF606D00C6822B /* file_utility.cpp */ = {isa = PBXFileReference; fileEncoding = 4; lastKnownFileType = sourcecode.cpp.cpp; name = file_utility.cpp; path = Platform/file_utility.cpp; sourceTree = "<group>"; };
		447FDD0B1DFF606D00C6822B /* file_utility.h */ = {isa = PBXFileReference; fileEncoding = 4; lastKnownFileType = sourcecode.c.h; name = file_utility.h; path = Platform/file_utility.h; sourceTree = "<group>"; };
		447FDD0C1DFF606D00C6822B /* platform.cpp */ = {isa = PBXFileReference; fileEncoding = 4; lastKnownFileType = sourcecode.cpp.cpp; name = platform.cpp; path = Platform/platform.cpp; sourceTree = "<group>"; };
		447FDD0D1DFF606D00C6822B /* platform.h */ = {isa = PBXFileReference; fileEncoding = 4; lastKnownFileType = sourcecode.c.h; name = platform.h; path = Platform/platform.h; sourceTree = "<group>"; };
		447FDD0E1DFF606D00C6822B /* platform.txt */ = {isa = PBXFileReference; fileEncoding = 4; lastKnownFileType = text; name = platform.txt; path = Platform/platform.txt; sourceTree = "<group>"; };
		447FDD0F1DFF606D00C6822B /* timer.cpp */ = {isa = PBXFileReference; fileEncoding = 4; lastKnownFileType = sourcecode.cpp.cpp; name = timer.cpp; path = Platform/timer.cpp; sourceTree = "<group>"; };
		447FDD101DFF606D00C6822B /* timer.h */ = {isa = PBXFileReference; fileEncoding = 4; lastKnownFileType = sourcecode.c.h; name = timer.h; path = Platform/timer.h; sourceTree = "<group>"; };
		447FDD111DFF606D00C6822B /* timing.cpp */ = {isa = PBXFileReference; fileEncoding = 4; lastKnownFileType = sourcecode.cpp.cpp; name = timing.cpp; path = Platform/timing.cpp; sourceTree = "<group>"; };
		447FDD121DFF606D00C6822B /* timing.h */ = {isa = PBXFileReference; fileEncoding = 4; lastKnownFileType = sourcecode.c.h; name = timing.h; path = Platform/timing.h; sourceTree = "<group>"; };
		447FDD171DFF608400C6822B /* config.cpp */ = {isa = PBXFileReference; fileEncoding = 4; lastKnownFileType = sourcecode.cpp.cpp; name = config.cpp; path = Core/config.cpp; sourceTree = "<group>"; };
		447FDD181DFF608400C6822B /* config.h */ = {isa = PBXFileReference; fileEncoding = 4; lastKnownFileType = sourcecode.c.h; name = config.h; path = Core/config.h; sourceTree = "<group>"; };
		447FDD191DFF608400C6822B /* core.txt */ = {isa = PBXFileReference; fileEncoding = 4; lastKnownFileType = text; name = core.txt; path = Core/core.txt; sourceTree = "<group>"; };
		447FDD1A1DFF608400C6822B /* logger.cpp */ = {isa = PBXFileReference; fileEncoding = 4; lastKnownFileType = sourcecode.cpp.cpp; name = logger.cpp; path = Core/logger.cpp; sourceTree = "<group>"; };
		447FDD1B1DFF608400C6822B /* logger.h */ = {isa = PBXFileReference; fileEncoding = 4; lastKnownFileType = sourcecode.c.h; name = logger.h; path = Core/logger.h; sourceTree = "<group>"; };
		447FDD1C1DFF608400C6822B /* reference_counter.cpp */ = {isa = PBXFileReference; fileEncoding = 4; lastKnownFileType = sourcecode.cpp.cpp; name = reference_counter.cpp; path = Core/reference_counter.cpp; sourceTree = "<group>"; };
		447FDD1D1DFF608400C6822B /* reference_counter.h */ = {isa = PBXFileReference; fileEncoding = 4; lastKnownFileType = sourcecode.c.h; name = reference_counter.h; path = Core/reference_counter.h; sourceTree = "<group>"; };
		447FDD211DFF609100C6822B /* config_utility.cpp */ = {isa = PBXFileReference; fileEncoding = 4; lastKnownFileType = sourcecode.cpp.cpp; name = config_utility.cpp; path = Core/Utility/config_utility.cpp; sourceTree = "<group>"; };
		447FDD221DFF609100C6822B /* config_utility.h */ = {isa = PBXFileReference; fileEncoding = 4; lastKnownFileType = sourcecode.c.h; name = config_utility.h; path = Core/Utility/config_utility.h; sourceTree = "<group>"; };
		447FDD231DFF609100C6822B /* hash_utility.cpp */ = {isa = PBXFileReference; fileEncoding = 4; lastKnownFileType = sourcecode.cpp.cpp; name = hash_utility.cpp; path = Core/Utility/hash_utility.cpp; sourceTree = "<group>"; };
		447FDD241DFF609100C6822B /* hash_utility.h */ = {isa = PBXFileReference; fileEncoding = 4; lastKnownFileType = sourcecode.c.h; name = hash_utility.h; path = Core/Utility/hash_utility.h; sourceTree = "<group>"; };
		447FDD251DFF609100C6822B /* input_utility.cpp */ = {isa = PBXFileReference; fileEncoding = 4; lastKnownFileType = sourcecode.cpp.cpp; name = input_utility.cpp; path = Core/Utility/input_utility.cpp; sourceTree = "<group>"; };
		447FDD261DFF609100C6822B /* input_utility.h */ = {isa = PBXFileReference; fileEncoding = 4; lastKnownFileType = sourcecode.c.h; name = input_utility.h; path = Core/Utility/input_utility.h; sourceTree = "<group>"; };
		447FDD271DFF609100C6822B /* string_utility.cpp */ = {isa = PBXFileReference; fileEncoding = 4; lastKnownFileType = sourcecode.cpp.cpp; name = string_utility.cpp; path = Core/Utility/string_utility.cpp; sourceTree = "<group>"; };
		447FDD281DFF609100C6822B /* string_utility.h */ = {isa = PBXFileReference; fileEncoding = 4; lastKnownFileType = sourcecode.c.h; name = string_utility.h; path = Core/Utility/string_utility.h; sourceTree = "<group>"; };
		447FDD2D1DFF609A00C6822B /* math3d.h */ = {isa = PBXFileReference; fileEncoding = 4; lastKnownFileType = sourcecode.c.h; name = math3d.h; path = Core/Math/math3d.h; sourceTree = "<group>"; };
		447FDD2E1DFF609A00C6822B /* matrix.h */ = {isa = PBXFileReference; fileEncoding = 4; lastKnownFileType = sourcecode.c.h; name = matrix.h; path = Core/Math/matrix.h; sourceTree = "<group>"; };
		447FDD2F1DFF609A00C6822B /* mersenne_twister.cpp */ = {isa = PBXFileReference; fileEncoding = 4; lastKnownFileType = sourcecode.cpp.cpp; name = mersenne_twister.cpp; path = Core/Math/mersenne_twister.cpp; sourceTree = "<group>"; };
		447FDD301DFF609A00C6822B /* mersenne_twister.h */ = {isa = PBXFileReference; fileEncoding = 4; lastKnownFileType = sourcecode.c.h; name = mersenne_twister.h; path = Core/Math/mersenne_twister.h; sourceTree = "<group>"; };
		447FDD311DFF609A00C6822B /* quaternion.h */ = {isa = PBXFileReference; fileEncoding = 4; lastKnownFileType = sourcecode.c.h; name = quaternion.h; path = Core/Math/quaternion.h; sourceTree = "<group>"; };
		447FDD321DFF609A00C6822B /* random.cpp */ = {isa = PBXFileReference; fileEncoding = 4; lastKnownFileType = sourcecode.cpp.cpp; name = random.cpp; path = Core/Math/random.cpp; sourceTree = "<group>"; };
		447FDD331DFF609A00C6822B /* random.h */ = {isa = PBXFileReference; fileEncoding = 4; lastKnownFileType = sourcecode.c.h; name = random.h; path = Core/Math/random.h; sourceTree = "<group>"; };
		447FDD341DFF609A00C6822B /* vector.h */ = {isa = PBXFileReference; fileEncoding = 4; lastKnownFileType = sourcecode.c.h; name = vector.h; path = Core/Math/vector.h; sourceTree = "<group>"; };
		447FDD371DFF60A700C6822B /* core_engine.cpp */ = {isa = PBXFileReference; fileEncoding = 4; lastKnownFileType = sourcecode.cpp.cpp; name = core_engine.cpp; path = Engine/core_engine.cpp; sourceTree = "<group>"; };
		447FDD381DFF60A700C6822B /* core_engine.h */ = {isa = PBXFileReference; fileEncoding = 4; lastKnownFileType = sourcecode.c.h; name = core_engine.h; path = Engine/core_engine.h; sourceTree = "<group>"; };
		447FDD3A1DFF60BF00C6822B /* colorized_mesh.cpp */ = {isa = PBXFileReference; fileEncoding = 4; lastKnownFileType = sourcecode.cpp.cpp; name = colorized_mesh.cpp; path = Engine/Rendering/colorized_mesh.cpp; sourceTree = "<group>"; };
		447FDD3B1DFF60BF00C6822B /* colorized_mesh.h */ = {isa = PBXFileReference; fileEncoding = 4; lastKnownFileType = sourcecode.c.h; name = colorized_mesh.h; path = Engine/Rendering/colorized_mesh.h; sourceTree = "<group>"; };
		447FDD3C1DFF60BF00C6822B /* lighting.cpp */ = {isa = PBXFileReference; fileEncoding = 4; lastKnownFileType = sourcecode.cpp.cpp; name = lighting.cpp; path = Engine/Rendering/lighting.cpp; sourceTree = "<group>"; };
		447FDD3D1DFF60BF00C6822B /* lighting.h */ = {isa = PBXFileReference; fileEncoding = 4; lastKnownFileType = sourcecode.c.h; name = lighting.h; path = Engine/Rendering/lighting.h; sourceTree = "<group>"; };
		447FDD3E1DFF60BF00C6822B /* material.cpp */ = {isa = PBXFileReference; fileEncoding = 4; lastKnownFileType = sourcecode.cpp.cpp; name = material.cpp; path = Engine/Rendering/material.cpp; sourceTree = "<group>"; };
		447FDD3F1DFF60BF00C6822B /* material.h */ = {isa = PBXFileReference; fileEncoding = 4; lastKnownFileType = sourcecode.c.h; name = material.h; path = Engine/Rendering/material.h; sourceTree = "<group>"; };
		447FDD401DFF60BF00C6822B /* mesh.cpp */ = {isa = PBXFileReference; fileEncoding = 4; lastKnownFileType = sourcecode.cpp.cpp; name = mesh.cpp; path = Engine/Rendering/mesh.cpp; sourceTree = "<group>"; };
		447FDD411DFF60BF00C6822B /* mesh.h */ = {isa = PBXFileReference; fileEncoding = 4; lastKnownFileType = sourcecode.c.h; name = mesh.h; path = Engine/Rendering/mesh.h; sourceTree = "<group>"; };
		447FDD421DFF60BF00C6822B /* texture.cpp */ = {isa = PBXFileReference; fileEncoding = 4; lastKnownFileType = sourcecode.cpp.cpp; name = texture.cpp; path = Engine/Rendering/texture.cpp; sourceTree = "<group>"; };
		447FDD431DFF60BF00C6822B /* texture.h */ = {isa = PBXFileReference; fileEncoding = 4; lastKnownFileType = sourcecode.c.h; name = texture.h; path = Engine/Rendering/texture.h; sourceTree = "<group>"; };
		447FDD4A1DFF60CD00C6822B /* basic_shader.cpp */ = {isa = PBXFileReference; fileEncoding = 4; lastKnownFileType = sourcecode.cpp.cpp; name = basic_shader.cpp; path = Engine/Rendering/Shading/basic_shader.cpp; sourceTree = "<group>"; };
		447FDD4B1DFF60CD00C6822B /* basic_shader.h */ = {isa = PBXFileReference; fileEncoding = 4; lastKnownFileType = sourcecode.c.h; name = basic_shader.h; path = Engine/Rendering/Shading/basic_shader.h; sourceTree = "<group>"; };
		447FDD4C1DFF60CD00C6822B /* colorized_shader.cpp */ = {isa = PBXFileReference; fileEncoding = 4; lastKnownFileType = sourcecode.cpp.cpp; name = colorized_shader.cpp; path = Engine/Rendering/Shading/colorized_shader.cpp; sourceTree = "<group>"; };
		447FDD4D1DFF60CD00C6822B /* colorized_shader.h */ = {isa = PBXFileReference; fileEncoding = 4; lastKnownFileType = sourcecode.c.h; name = colorized_shader.h; path = Engine/Rendering/Shading/colorized_shader.h; sourceTree = "<group>"; };
		447FDD4E1DFF60CD00C6822B /* shader_type.h */ = {isa = PBXFileReference; fileEncoding = 4; lastKnownFileType = sourcecode.c.h; name = shader_type.h; path = Engine/Rendering/Shading/shader_type.h; sourceTree = "<group>"; };
		447FDD4F1DFF60CD00C6822B /* shader.cpp */ = {isa = PBXFileReference; fileEncoding = 4; lastKnownFileType = sourcecode.cpp.cpp; name = shader.cpp; path = Engine/Rendering/Shading/shader.cpp; sourceTree = "<group>"; };
		447FDD501DFF60CD00C6822B /* shader.h */ = {isa = PBXFileReference; fileEncoding = 4; lastKnownFileType = sourcecode.c.h; name = shader.h; path = Engine/Rendering/Shading/shader.h; sourceTree = "<group>"; };
		447FDD541DFF60DD00C6822B /* entity.cpp */ = {isa = PBXFileReference; fileEncoding = 4; lastKnownFileType = sourcecode.cpp.cpp; name = entity.cpp; path = Engine/Entity/entity.cpp; sourceTree = "<group>"; };
		447FDD551DFF60DD00C6822B /* entity.h */ = {isa = PBXFileReference; fileEncoding = 4; lastKnownFileType = sourcecode.c.h; name = entity.h; path = Engine/Entity/entity.h; sourceTree = "<group>"; };
		447FDD571DFF60EF00C6822B /* component_type.h */ = {isa = PBXFileReference; fileEncoding = 4; lastKnownFileType = sourcecode.c.h; name = component_type.h; path = Engine/Component/component_type.h; sourceTree = "<group>"; };
		447FDD581DFF60EF00C6822B /* component.cpp */ = {isa = PBXFileReference; fileEncoding = 4; lastKnownFileType = sourcecode.cpp.cpp; name = component.cpp; path = Engine/Component/component.cpp; sourceTree = "<group>"; };
		447FDD591DFF60EF00C6822B /* component.h */ = {isa = PBXFileReference; fileEncoding = 4; lastKnownFileType = sourcecode.c.h; name = component.h; path = Engine/Component/component.h; sourceTree = "<group>"; };
		447FDD5A1DFF60EF00C6822B /* input_component.cpp */ = {isa = PBXFileReference; fileEncoding = 4; lastKnownFileType = sourcecode.cpp.cpp; name = input_component.cpp; path = Engine/Component/input_component.cpp; sourceTree = "<group>"; };
		447FDD5B1DFF60EF00C6822B /* input_component.h */ = {isa = PBXFileReference; fileEncoding = 4; lastKnownFileType = sourcecode.c.h; name = input_component.h; path = Engine/Component/input_component.h; sourceTree = "<group>"; };
		447FDD5C1DFF60EF00C6822B /* render_component.cpp */ = {isa = PBXFileReference; fileEncoding = 4; lastKnownFileType = sourcecode.cpp.cpp; name = render_component.cpp; path = Engine/Component/render_component.cpp; sourceTree = "<group>"; };
		447FDD5D1DFF60EF00C6822B /* render_component.h */ = {isa = PBXFileReference; fileEncoding = 4; lastKnownFileType = sourcecode.c.h; name = render_component.h; path = Engine/Component/render_component.h; sourceTree = "<group>"; };
		447FDD5E1DFF60EF00C6822B /* update_component.cpp */ = {isa = PBXFileReference; fileEncoding = 4; lastKnownFileType = sourcecode.cpp.cpp; name = update_component.cpp; path = Engine/Component/update_component.cpp; sourceTree = "<group>"; };
		447FDD5F1DFF60EF00C6822B /* update_component.h */ = {isa = PBXFileReference; fileEncoding = 4; lastKnownFileType = sourcecode.c.h; name = update_component.h; path = Engine/Component/update_component.h; sourceTree = "<group>"; };
		447FDD651DFF610600C6822B /* fl_fm_component.cpp */ = {isa = PBXFileReference; fileEncoding = 4; lastKnownFileType = sourcecode.cpp.cpp; name = fl_fm_component.cpp; path = Engine/Component/Input_Components/fl_fm_component.cpp; sourceTree = "<group>"; };
		447FDD661DFF610600C6822B /* fl_fm_component.h */ = {isa = PBXFileReference; fileEncoding = 4; lastKnownFileType = sourcecode.c.h; name = fl_fm_component.h; path = Engine/Component/Input_Components/fl_fm_component.h; sourceTree = "<group>"; };
		447FDD671DFF610600C6822B /* free_look_component.cpp */ = {isa = PBXFileReference; fileEncoding = 4; lastKnownFileType = sourcecode.cpp.cpp; name = free_look_component.cpp; path = Engine/Component/Input_Components/free_look_component.cpp; sourceTree = "<group>"; };
		447FDD681DFF610600C6822B /* free_look_component.h */ = {isa = PBXFileReference; fileEncoding = 4; lastKnownFileType = sourcecode.c.h; name = free_look_component.h; path = Engine/Component/Input_Components/free_look_component.h; sourceTree = "<group>"; };
		447FDD691DFF610600C6822B /* free_move_component.cpp */ = {isa = PBXFileReference; fileEncoding = 4; lastKnownFileType = sourcecode.cpp.cpp; name = free_move_component.cpp; path = Engine/Component/Input_Components/free_move_component.cpp; sourceTree = "<group>"; };
		447FDD6A1DFF610600C6822B /* free_move_component.h */ = {isa = PBXFileReference; fileEncoding = 4; lastKnownFileType = sourcecode.c.h; name = free_move_component.h; path = Engine/Component/Input_Components/free_move_component.h; sourceTree = "<group>"; };
		447FDD6E1DFF611800C6822B /* input.cpp */ = {isa = PBXFileReference; fileEncoding = 4; lastKnownFileType = sourcecode.cpp.cpp; name = input.cpp; path = Engine/Core/input.cpp; sourceTree = "<group>"; };
		447FDD6F1DFF611800C6822B /* input.h */ = {isa = PBXFileReference; fileEncoding = 4; lastKnownFileType = sourcecode.c.h; name = input.h; path = Engine/Core/input.h; sourceTree = "<group>"; };
		447FDD701DFF611800C6822B /* transform.cpp */ = {isa = PBXFileReference; fileEncoding = 4; lastKnownFileType = sourcecode.cpp.cpp; name = transform.cpp; path = Engine/Core/transform.cpp; sourceTree = "<group>"; };
		447FDD711DFF611800C6822B /* transform.h */ = {isa = PBXFileReference; fileEncoding = 4; lastKnownFileType = sourcecode.c.h; name = transform.h; path = Engine/Core/transform.h; sourceTree = "<group>"; };
		447FDD721DFF611800C6822B /* window.cpp */ = {isa = PBXFileReference; fileEncoding = 4; lastKnownFileType = sourcecode.cpp.cpp; name = window.cpp; path = Engine/Core/window.cpp; sourceTree = "<group>"; };
		447FDD731DFF611800C6822B /* window.h */ = {isa = PBXFileReference; fileEncoding = 4; lastKnownFileType = sourcecode.c.h; name = window.h; path = Engine/Core/window.h; sourceTree = "<group>"; };
		447FDD771DFF612300C6822B /* input_system.cpp */ = {isa = PBXFileReference; fileEncoding = 4; lastKnownFileType = sourcecode.cpp.cpp; name = input_system.cpp; path = Engine/Systems/input_system.cpp; sourceTree = "<group>"; };
		447FDD781DFF612300C6822B /* input_system.h */ = {isa = PBXFileReference; fileEncoding = 4; lastKnownFileType = sourcecode.c.h; name = input_system.h; path = Engine/Systems/input_system.h; sourceTree = "<group>"; };
		447FDD791DFF612300C6822B /* render_system.cpp */ = {isa = PBXFileReference; fileEncoding = 4; lastKnownFileType = sourcecode.cpp.cpp; name = render_system.cpp; path = Engine/Systems/render_system.cpp; sourceTree = "<group>"; };
		447FDD7A1DFF612300C6822B /* render_system.h */ = {isa = PBXFileReference; fileEncoding = 4; lastKnownFileType = sourcecode.c.h; name = render_system.h; path = Engine/Systems/render_system.h; sourceTree = "<group>"; };
		447FDD7B1DFF612300C6822B /* system.cpp */ = {isa = PBXFileReference; fileEncoding = 4; lastKnownFileType = sourcecode.cpp.cpp; name = system.cpp; path = Engine/Systems/system.cpp; sourceTree = "<group>"; };
		447FDD7C1DFF612300C6822B /* system.h */ = {isa = PBXFileReference; fileEncoding = 4; lastKnownFileType = sourcecode.c.h; name = system.h; path = Engine/Systems/system.h; sourceTree = "<group>"; };
		447FDD7D1DFF612300C6822B /* update_system.cpp */ = {isa = PBXFileReference; fileEncoding = 4; lastKnownFileType = sourcecode.cpp.cpp; name = update_system.cpp; path = Engine/Systems/update_system.cpp; sourceTree = "<group>"; };
		447FDD7E1DFF612300C6822B /* update_system.h */ = {isa = PBXFileReference; fileEncoding = 4; lastKnownFileType = sourcecode.c.h; name = update_system.h; path = Engine/Systems/update_system.h; sourceTree = "<group>"; };
		447FDD831DFF612C00C6822B /* game.cpp */ = {isa = PBXFileReference; fileEncoding = 4; lastKnownFileType = sourcecode.cpp.cpp; name = game.cpp; path = Game/game.cpp; sourceTree = "<group>"; };
		447FDD841DFF612C00C6822B /* game.h */ = {isa = PBXFileReference; fileEncoding = 4; lastKnownFileType = sourcecode.c.h; name = game.h; path = Game/game.h; sourceTree = "<group>"; };
		447FDD851DFF612C00C6822B /* planet.cpp */ = {isa = PBXFileReference; fileEncoding = 4; lastKnownFileType = sourcecode.cpp.cpp; name = planet.cpp; path = Game/planet.cpp; sourceTree = "<group>"; };
		447FDD861DFF612C00C6822B /* planet.h */ = {isa = PBXFileReference; fileEncoding = 4; lastKnownFileType = sourcecode.c.h; name = planet.h; path = Game/planet.h; sourceTree = "<group>"; };
		447FDD891DFF615000C6822B /* font_resource.cpp */ = {isa = PBXFileReference; fileEncoding = 4; lastKnownFileType = sourcecode.cpp.cpp; name = font_resource.cpp; path = Resources/font_resource.cpp; sourceTree = "<group>"; };
		447FDD8A1DFF615000C6822B /* font_resource.h */ = {isa = PBXFileReference; fileEncoding = 4; lastKnownFileType = sourcecode.c.h; name = font_resource.h; path = Resources/font_resource.h; sourceTree = "<group>"; };
		447FDD8B1DFF615000C6822B /* game_resource.cpp */ = {isa = PBXFileReference; fileEncoding = 4; lastKnownFileType = sourcecode.cpp.cpp; name = game_resource.cpp; path = Resources/game_resource.cpp; sourceTree = "<group>"; };
		447FDD8C1DFF615000C6822B /* game_resource.h */ = {isa = PBXFileReference; fileEncoding = 4; lastKnownFileType = sourcecode.c.h; name = game_resource.h; path = Resources/game_resource.h; sourceTree = "<group>"; };
		447FDD8D1DFF615000C6822B /* material_resource.cpp */ = {isa = PBXFileReference; fileEncoding = 4; lastKnownFileType = sourcecode.cpp.cpp; name = material_resource.cpp; path = Resources/material_resource.cpp; sourceTree = "<group>"; };
		447FDD8E1DFF615000C6822B /* material_resource.h */ = {isa = PBXFileReference; fileEncoding = 4; lastKnownFileType = sourcecode.c.h; name = material_resource.h; path = Resources/material_resource.h; sourceTree = "<group>"; };
		447FDD8F1DFF615000C6822B /* mesh_resource.cpp */ = {isa = PBXFileReference; fileEncoding = 4; lastKnownFileType = sourcecode.cpp.cpp; name = mesh_resource.cpp; path = Resources/mesh_resource.cpp; sourceTree = "<group>"; };
		447FDD901DFF615000C6822B /* mesh_resource.h */ = {isa = PBXFileReference; fileEncoding = 4; lastKnownFileType = sourcecode.c.h; name = mesh_resource.h; path = Resources/mesh_resource.h; sourceTree = "<group>"; };
		447FDD911DFF615000C6822B /* resources.txt */ = {isa = PBXFileReference; fileEncoding = 4; lastKnownFileType = text; name = resources.txt; path = Resources/resources.txt; sourceTree = "<group>"; };
		447FDD921DFF615000C6822B /* shader_resource.cpp */ = {isa = PBXFileReference; fileEncoding = 4; lastKnownFileType = sourcecode.cpp.cpp; name = shader_resource.cpp; path = Resources/shader_resource.cpp; sourceTree = "<group>"; };
		447FDD931DFF615000C6822B /* shader_resource.h */ = {isa = PBXFileReference; fileEncoding = 4; lastKnownFileType = sourcecode.c.h; name = shader_resource.h; path = Resources/shader_resource.h; sourceTree = "<group>"; };
		447FDD941DFF615000C6822B /* system_resource.cpp */ = {isa = PBXFileReference; fileEncoding = 4; lastKnownFileType = sourcecode.cpp.cpp; name = system_resource.cpp; path = Resources/system_resource.cpp; sourceTree = "<group>"; };
		447FDD951DFF615000C6822B /* system_resource.h */ = {isa = PBXFileReference; fileEncoding = 4; lastKnownFileType = sourcecode.c.h; name = system_resource.h; path = Resources/system_resource.h; sourceTree = "<group>"; };
		447FDD961DFF615000C6822B /* texture_resource.cpp */ = {isa = PBXFileReference; fileEncoding = 4; lastKnownFileType = sourcecode.cpp.cpp; name = texture_resource.cpp; path = Resources/texture_resource.cpp; sourceTree = "<group>"; };
		447FDD971DFF615000C6822B /* texture_resource.h */ = {isa = PBXFileReference; fileEncoding = 4; lastKnownFileType = sourcecode.c.h; name = texture_resource.h; path = Resources/texture_resource.h; sourceTree = "<group>"; };
		449D85F31BD6B6F300B72584 /* OpenGL.framework */ = {isa = PBXFileReference; lastKnownFileType = wrapper.framework; name = OpenGL.framework; path = System/Library/Frameworks/OpenGL.framework; sourceTree = SDKROOT; };
		449D85F61BD6BACB00B72584 /* libglfw.3.1.dylib */ = {isa = PBXFileReference; lastKnownFileType = "compiled.mach-o.dylib"; name = libglfw.3.1.dylib; path = ../../../../usr/local/lib/libglfw.3.1.dylib; sourceTree = "<group>"; };
		449D85F81BD6BB0900B72584 /* libGLEW.1.12.0.dylib */ = {isa = PBXFileReference; lastKnownFileType = "compiled.mach-o.dylib"; name = libGLEW.1.12.0.dylib; path = ../../../../usr/local/Cellar/glew/1.12.0/lib/libGLEW.1.12.0.dylib; sourceTree = "<group>"; };
		44D3CD6C1BCBFAED0074E300 /* Game_Engine */ = {isa = PBXFileReference; explicitFileType = "compiled.mach-o.executable"; includeInIndex = 0; path = Game_Engine; sourceTree = BUILT_PRODUCTS_DIR; };
/* End PBXFileReference section */

/* Begin PBXFrameworksBuildPhase section */
		44D3CD691BCBFAED0074E300 /* Frameworks */ = {
			isa = PBXFrameworksBuildPhase;
			buildActionMask = 2147483647;
			files = (
				4421D5CC1C2C731600180432 /* CoreGraphics.framework in Frameworks */,
				4402CE001C28C95A00F11AA8 /* libSDL2-2.0.0.dylib in Frameworks */,
				44040E461C18E3410058A84B /* libassimp.3.1.1.dylib in Frameworks */,
				4415CD891BDD70CC00E91770 /* CoreFoundation.framework in Frameworks */,
				449D85F91BD6BB0900B72584 /* libGLEW.1.12.0.dylib in Frameworks */,
				449D85F41BD6B6F300B72584 /* OpenGL.framework in Frameworks */,
			);
			runOnlyForDeploymentPostprocessing = 0;
		};
/* End PBXFrameworksBuildPhase section */

/* Begin PBXGroup section */
		447FDCEC1DFF5FD500C6822B /* Framework */ = {
			isa = PBXGroup;
			children = (
				447FDCFC1DFF606100C6822B /* framework.txt */,
				447FDCFB1DFF606100C6822B /* buttons.h */,
				447FDCFF1DFF606100C6822B /* keys.h */,
				447FDCFD1DFF606100C6822B /* input_framework.cpp */,
				447FDCFE1DFF606100C6822B /* input_framework.h */,
				447FDD001DFF606100C6822B /* render_framework.cpp */,
				447FDD011DFF606100C6822B /* render_framework.h */,
				447FDD021DFF606100C6822B /* stb_image.c */,
				447FDD031DFF606100C6822B /* stb_image.h */,
				447FDD041DFF606100C6822B /* window_framework.cpp */,
				447FDD051DFF606100C6822B /* window_framework.h */,
			);
			name = Framework;
			sourceTree = "<group>";
		};
		447FDCED1DFF5FDD00C6822B /* Platform */ = {
			isa = PBXGroup;
			children = (
				447FDD0E1DFF606D00C6822B /* platform.txt */,
				447FDD0A1DFF606D00C6822B /* file_utility.cpp */,
				447FDD0B1DFF606D00C6822B /* file_utility.h */,
				447FDD0C1DFF606D00C6822B /* platform.cpp */,
				447FDD0D1DFF606D00C6822B /* platform.h */,
				447FDD0F1DFF606D00C6822B /* timer.cpp */,
				447FDD101DFF606D00C6822B /* timer.h */,
				447FDD111DFF606D00C6822B /* timing.cpp */,
				447FDD121DFF606D00C6822B /* timing.h */,
			);
			name = Platform;
			sourceTree = "<group>";
		};
		447FDCEE1DFF5FE200C6822B /* Core */ = {
			isa = PBXGroup;
			children = (
				447FDCF71DFF601E00C6822B /* Maths */,
				447FDCF81DFF602100C6822B /* Utility */,
				447FDD191DFF608400C6822B /* core.txt */,
				447FDD171DFF608400C6822B /* config.cpp */,
				447FDD181DFF608400C6822B /* config.h */,
				447FDD1A1DFF608400C6822B /* logger.cpp */,
				447FDD1B1DFF608400C6822B /* logger.h */,
				447FDD1C1DFF608400C6822B /* reference_counter.cpp */,
				447FDD1D1DFF608400C6822B /* reference_counter.h */,
			);
			name = Core;
			sourceTree = "<group>";
		};
		447FDCEF1DFF5FE600C6822B /* Resource */ = {
			isa = PBXGroup;
			children = (
				447FDD911DFF615000C6822B /* resources.txt */,
				447FDD891DFF615000C6822B /* font_resource.cpp */,
				447FDD8A1DFF615000C6822B /* font_resource.h */,
				447FDD8B1DFF615000C6822B /* game_resource.cpp */,
				447FDD8C1DFF615000C6822B /* game_resource.h */,
				447FDD8D1DFF615000C6822B /* material_resource.cpp */,
				447FDD8E1DFF615000C6822B /* material_resource.h */,
				447FDD8F1DFF615000C6822B /* mesh_resource.cpp */,
				447FDD901DFF615000C6822B /* mesh_resource.h */,
				447FDD921DFF615000C6822B /* shader_resource.cpp */,
				447FDD931DFF615000C6822B /* shader_resource.h */,
				447FDD941DFF615000C6822B /* system_resource.cpp */,
				447FDD951DFF615000C6822B /* system_resource.h */,
				447FDD961DFF615000C6822B /* texture_resource.cpp */,
				447FDD971DFF615000C6822B /* texture_resource.h */,
			);
			name = Resource;
			sourceTree = "<group>";
		};
		447FDCF01DFF5FEC00C6822B /* Engine */ = {
			isa = PBXGroup;
			children = (
				447FDCF61DFF600B00C6822B /* Systems */,
				447FDCF51DFF600700C6822B /* Core */,
				447FDCF41DFF600300C6822B /* Component */,
				447FDCF31DFF600000C6822B /* Entity */,
				447FDCF21DFF5FFC00C6822B /* Rendering */,
				447FDD371DFF60A700C6822B /* core_engine.cpp */,
				447FDD381DFF60A700C6822B /* core_engine.h */,
			);
			name = Engine;
			sourceTree = "<group>";
		};
		447FDCF11DFF5FF100C6822B /* Game */ = {
			isa = PBXGroup;
			children = (
				447FDD831DFF612C00C6822B /* game.cpp */,
				447FDD841DFF612C00C6822B /* game.h */,
				447FDD851DFF612C00C6822B /* planet.cpp */,
				447FDD861DFF612C00C6822B /* planet.h */,
			);
			name = Game;
			sourceTree = "<group>";
		};
		447FDCF21DFF5FFC00C6822B /* Rendering */ = {
			isa = PBXGroup;
			children = (
				447FDD491DFF60C300C6822B /* Shading */,
				447FDD3A1DFF60BF00C6822B /* colorized_mesh.cpp */,
				447FDD3B1DFF60BF00C6822B /* colorized_mesh.h */,
				447FDD3C1DFF60BF00C6822B /* lighting.cpp */,
				447FDD3D1DFF60BF00C6822B /* lighting.h */,
				447FDD3E1DFF60BF00C6822B /* material.cpp */,
				447FDD3F1DFF60BF00C6822B /* material.h */,
				447FDD401DFF60BF00C6822B /* mesh.cpp */,
				447FDD411DFF60BF00C6822B /* mesh.h */,
				447FDD421DFF60BF00C6822B /* texture.cpp */,
				447FDD431DFF60BF00C6822B /* texture.h */,
			);
			name = Rendering;
			sourceTree = "<group>";
		};
		447FDCF31DFF600000C6822B /* Entity */ = {
			isa = PBXGroup;
			children = (
				447FDD541DFF60DD00C6822B /* entity.cpp */,
				447FDD551DFF60DD00C6822B /* entity.h */,
			);
			name = Entity;
			sourceTree = "<group>";
		};
		447FDCF41DFF600300C6822B /* Component */ = {
			isa = PBXGroup;
			children = (
				447FDD641DFF60F200C6822B /* InputComponents */,
				447FDD571DFF60EF00C6822B /* component_type.h */,
				447FDD581DFF60EF00C6822B /* component.cpp */,
				447FDD591DFF60EF00C6822B /* component.h */,
				447FDD5A1DFF60EF00C6822B /* input_component.cpp */,
				447FDD5B1DFF60EF00C6822B /* input_component.h */,
				447FDD5C1DFF60EF00C6822B /* render_component.cpp */,
				447FDD5D1DFF60EF00C6822B /* render_component.h */,
				447FDD5E1DFF60EF00C6822B /* update_component.cpp */,
				447FDD5F1DFF60EF00C6822B /* update_component.h */,
			);
			name = Component;
			sourceTree = "<group>";
		};
		447FDCF51DFF600700C6822B /* Core */ = {
			isa = PBXGroup;
			children = (
				447FDD6E1DFF611800C6822B /* input.cpp */,
				447FDD6F1DFF611800C6822B /* input.h */,
				447FDD701DFF611800C6822B /* transform.cpp */,
				447FDD711DFF611800C6822B /* transform.h */,
				447FDD721DFF611800C6822B /* window.cpp */,
				447FDD731DFF611800C6822B /* window.h */,
			);
			name = Core;
			sourceTree = "<group>";
		};
		447FDCF61DFF600B00C6822B /* Systems */ = {
			isa = PBXGroup;
			children = (
				447FDD771DFF612300C6822B /* input_system.cpp */,
				447FDD781DFF612300C6822B /* input_system.h */,
				447FDD791DFF612300C6822B /* render_system.cpp */,
				447FDD7A1DFF612300C6822B /* render_system.h */,
				447FDD7B1DFF612300C6822B /* system.cpp */,
				447FDD7C1DFF612300C6822B /* system.h */,
				447FDD7D1DFF612300C6822B /* update_system.cpp */,
				447FDD7E1DFF612300C6822B /* update_system.h */,
			);
			name = Systems;
			sourceTree = "<group>";
		};
		447FDCF71DFF601E00C6822B /* Maths */ = {
			isa = PBXGroup;
			children = (
				447FDD2D1DFF609A00C6822B /* math3d.h */,
				447FDD2E1DFF609A00C6822B /* matrix.h */,
				447FDD2F1DFF609A00C6822B /* mersenne_twister.cpp */,
				447FDD301DFF609A00C6822B /* mersenne_twister.h */,
				447FDD311DFF609A00C6822B /* quaternion.h */,
				447FDD321DFF609A00C6822B /* random.cpp */,
				447FDD331DFF609A00C6822B /* random.h */,
				447FDD341DFF609A00C6822B /* vector.h */,
			);
			name = Maths;
			sourceTree = "<group>";
		};
		447FDCF81DFF602100C6822B /* Utility */ = {
			isa = PBXGroup;
			children = (
				447FDD211DFF609100C6822B /* config_utility.cpp */,
				447FDD221DFF609100C6822B /* config_utility.h */,
				447FDD231DFF609100C6822B /* hash_utility.cpp */,
				447FDD241DFF609100C6822B /* hash_utility.h */,
				447FDD251DFF609100C6822B /* input_utility.cpp */,
				447FDD261DFF609100C6822B /* input_utility.h */,
				447FDD271DFF609100C6822B /* string_utility.cpp */,
				447FDD281DFF609100C6822B /* string_utility.h */,
			);
			name = Utility;
			sourceTree = "<group>";
		};
		447FDD491DFF60C300C6822B /* Shading */ = {
			isa = PBXGroup;
			children = (
				447FDD4A1DFF60CD00C6822B /* basic_shader.cpp */,
				447FDD4B1DFF60CD00C6822B /* basic_shader.h */,
				447FDD4C1DFF60CD00C6822B /* colorized_shader.cpp */,
				447FDD4D1DFF60CD00C6822B /* colorized_shader.h */,
				447FDD4E1DFF60CD00C6822B /* shader_type.h */,
				447FDD4F1DFF60CD00C6822B /* shader.cpp */,
				447FDD501DFF60CD00C6822B /* shader.h */,
			);
			name = Shading;
			sourceTree = "<group>";
		};
		447FDD641DFF60F200C6822B /* InputComponents */ = {
			isa = PBXGroup;
			children = (
				447FDD651DFF610600C6822B /* fl_fm_component.cpp */,
				447FDD661DFF610600C6822B /* fl_fm_component.h */,
				447FDD671DFF610600C6822B /* free_look_component.cpp */,
				447FDD681DFF610600C6822B /* free_look_component.h */,
				447FDD691DFF610600C6822B /* free_move_component.cpp */,
				447FDD6A1DFF610600C6822B /* free_move_component.h */,
				440536D11E01F85600D05404 /* planet_color_component.cpp */,
				440536D21E01F85600D05404 /* planet_color_component.h */,
			);
			name = InputComponents;
			sourceTree = "<group>";
		};
		449D85F51BD6B6F600B72584 /* Frameworks */ = {
			isa = PBXGroup;
			children = (
				4421D5CB1C2C731600180432 /* CoreGraphics.framework */,
				44040E451C18E3410058A84B /* libassimp.3.1.1.dylib */,
				447B54141BF04A9600BB5977 /* libSDL2-2.0.0.dylib */,
				4415CD881BDD70CC00E91770 /* CoreFoundation.framework */,
				449D85F81BD6BB0900B72584 /* libGLEW.1.12.0.dylib */,
				449D85F61BD6BACB00B72584 /* libglfw.3.1.dylib */,
				449D85F31BD6B6F300B72584 /* OpenGL.framework */,
			);
			name = Frameworks;
			sourceTree = "<group>";
		};
		44D3CD631BCBFAED0074E300 = {
			isa = PBXGroup;
			children = (
				449D85F51BD6B6F600B72584 /* Frameworks */,
				44D3CD6E1BCBFAED0074E300 /* Game_Engine */,
				44D3CD6D1BCBFAED0074E300 /* Products */,
			);
			sourceTree = "<group>";
			usesTabs = 1;
		};
		44D3CD6D1BCBFAED0074E300 /* Products */ = {
			isa = PBXGroup;
			children = (
				44D3CD6C1BCBFAED0074E300 /* Game_Engine */,
			);
			name = Products;
			sourceTree = "<group>";
		};
		44D3CD6E1BCBFAED0074E300 /* Game_Engine */ = {
			isa = PBXGroup;
			children = (
				447FDCF11DFF5FF100C6822B /* Game */,
				447FDCF01DFF5FEC00C6822B /* Engine */,
				447FDCEF1DFF5FE600C6822B /* Resource */,
				447FDCEE1DFF5FE200C6822B /* Core */,
				447FDCED1DFF5FDD00C6822B /* Platform */,
				447FDCEC1DFF5FD500C6822B /* Framework */,
				447FDCF91DFF604900C6822B /* main.cpp */,
			);
			path = Game_Engine;
			sourceTree = "<group>";
		};
/* End PBXGroup section */

/* Begin PBXNativeTarget section */
		44D3CD6B1BCBFAED0074E300 /* Game_Engine */ = {
			isa = PBXNativeTarget;
			buildConfigurationList = 44D3CD731BCBFAED0074E300 /* Build configuration list for PBXNativeTarget "Game_Engine" */;
			buildPhases = (
				44D3CD681BCBFAED0074E300 /* Sources */,
				44D3CD691BCBFAED0074E300 /* Frameworks */,
				44D3CD6A1BCBFAED0074E300 /* CopyFiles */,
			);
			buildRules = (
			);
			dependencies = (
			);
			name = Game_Engine;
			productName = Game_Engine;
			productReference = 44D3CD6C1BCBFAED0074E300 /* Game_Engine */;
			productType = "com.apple.product-type.tool";
		};
/* End PBXNativeTarget section */

/* Begin PBXProject section */
		44D3CD641BCBFAED0074E300 /* Project object */ = {
			isa = PBXProject;
			attributes = {
				LastUpgradeCheck = 0800;
				ORGANIZATIONNAME = "Craig Milby";
				TargetAttributes = {
					44D3CD6B1BCBFAED0074E300 = {
						CreatedOnToolsVersion = 7.0.1;
					};
				};
			};
			buildConfigurationList = 44D3CD671BCBFAED0074E300 /* Build configuration list for PBXProject "Game_Engine" */;
			compatibilityVersion = "Xcode 3.2";
			developmentRegion = English;
			hasScannedForEncodings = 0;
			knownRegions = (
				en,
			);
			mainGroup = 44D3CD631BCBFAED0074E300;
			productRefGroup = 44D3CD6D1BCBFAED0074E300 /* Products */;
			projectDirPath = "";
			projectRoot = "";
			targets = (
				44D3CD6B1BCBFAED0074E300 /* Game_Engine */,
			);
		};
/* End PBXProject section */

/* Begin PBXSourcesBuildPhase section */
		44D3CD681BCBFAED0074E300 /* Sources */ = {
			isa = PBXSourcesBuildPhase;
			buildActionMask = 2147483647;
			files = (
				447FDD6C1DFF610600C6822B /* free_look_component.cpp in Sources */,
				447FDD561DFF60DD00C6822B /* entity.cpp in Sources */,
				447FDD751DFF611800C6822B /* transform.cpp in Sources */,
				447FDD131DFF606D00C6822B /* file_utility.cpp in Sources */,
				447FDD611DFF60EF00C6822B /* input_component.cpp in Sources */,
				447FDD871DFF612C00C6822B /* game.cpp in Sources */,
				447FDD9B1DFF615000C6822B /* mesh_resource.cpp in Sources */,
				447FDD9A1DFF615000C6822B /* material_resource.cpp in Sources */,
				447FDD091DFF606100C6822B /* window_framework.cpp in Sources */,
				447FDD6B1DFF610600C6822B /* fl_fm_component.cpp in Sources */,
				447FDD9E1DFF615000C6822B /* texture_resource.cpp in Sources */,
				447FDD1F1DFF608400C6822B /* logger.cpp in Sources */,
				447FDD071DFF606100C6822B /* render_framework.cpp in Sources */,
				447FDD521DFF60CD00C6822B /* colorized_shader.cpp in Sources */,
				447FDD201DFF608400C6822B /* reference_counter.cpp in Sources */,
				447FDD7F1DFF612300C6822B /* input_system.cpp in Sources */,
				447FDD291DFF609100C6822B /* config_utility.cpp in Sources */,
				447FDD151DFF606D00C6822B /* timer.cpp in Sources */,
				447FDD801DFF612300C6822B /* render_system.cpp in Sources */,
				447FDD161DFF606D00C6822B /* timing.cpp in Sources */,
				447FDD2A1DFF609100C6822B /* hash_utility.cpp in Sources */,
				447FDD811DFF612300C6822B /* system.cpp in Sources */,
				447FDCFA1DFF604900C6822B /* main.cpp in Sources */,
				447FDD061DFF606100C6822B /* input_framework.cpp in Sources */,
				447FDD081DFF606100C6822B /* stb_image.c in Sources */,
				447FDD391DFF60A700C6822B /* core_engine.cpp in Sources */,
				447FDD141DFF606D00C6822B /* platform.cpp in Sources */,
				447FDD461DFF60BF00C6822B /* material.cpp in Sources */,
				447FDD2C1DFF609100C6822B /* string_utility.cpp in Sources */,
				447FDD361DFF609A00C6822B /* random.cpp in Sources */,
				447FDD881DFF612C00C6822B /* planet.cpp in Sources */,
				447FDD6D1DFF610600C6822B /* free_move_component.cpp in Sources */,
				447FDD2B1DFF609100C6822B /* input_utility.cpp in Sources */,
				447FDD761DFF611800C6822B /* window.cpp in Sources */,
				447FDD991DFF615000C6822B /* game_resource.cpp in Sources */,
				447FDD9C1DFF615000C6822B /* shader_resource.cpp in Sources */,
				447FDD981DFF615000C6822B /* font_resource.cpp in Sources */,
				447FDD9D1DFF615000C6822B /* system_resource.cpp in Sources */,
				447FDD601DFF60EF00C6822B /* component.cpp in Sources */,
				447FDD511DFF60CD00C6822B /* basic_shader.cpp in Sources */,
				447FDD741DFF611800C6822B /* input.cpp in Sources */,
				447FDD451DFF60BF00C6822B /* lighting.cpp in Sources */,
				447FDD821DFF612300C6822B /* update_system.cpp in Sources */,
				447FDD531DFF60CD00C6822B /* shader.cpp in Sources */,
				447FDD1E1DFF608400C6822B /* config.cpp in Sources */,
				447FDD631DFF60EF00C6822B /* update_component.cpp in Sources */,
				447FDD441DFF60BF00C6822B /* colorized_mesh.cpp in Sources */,
				440536D31E01F85600D05404 /* planet_color_component.cpp in Sources */,
				447FDD621DFF60EF00C6822B /* render_component.cpp in Sources */,
				447FDD481DFF60BF00C6822B /* texture.cpp in Sources */,
				447FDD471DFF60BF00C6822B /* mesh.cpp in Sources */,
				447FDD351DFF609A00C6822B /* mersenne_twister.cpp in Sources */,
			);
			runOnlyForDeploymentPostprocessing = 0;
		};
/* End PBXSourcesBuildPhase section */

/* Begin XCBuildConfiguration section */
		44D3CD711BCBFAED0074E300 /* Debug */ = {
			isa = XCBuildConfiguration;
			buildSettings = {
				ALWAYS_SEARCH_USER_PATHS = NO;
				CLANG_CXX_LANGUAGE_STANDARD = "gnu++0x";
				CLANG_CXX_LIBRARY = "libc++";
				CLANG_ENABLE_MODULES = YES;
				CLANG_ENABLE_OBJC_ARC = YES;
				CLANG_WARN_BOOL_CONVERSION = YES;
				CLANG_WARN_CONSTANT_CONVERSION = YES;
				CLANG_WARN_DIRECT_OBJC_ISA_USAGE = YES_ERROR;
				CLANG_WARN_EMPTY_BODY = YES;
				CLANG_WARN_ENUM_CONVERSION = YES;
				CLANG_WARN_INFINITE_RECURSION = YES;
				CLANG_WARN_INT_CONVERSION = YES;
				CLANG_WARN_OBJC_ROOT_CLASS = YES_ERROR;
				CLANG_WARN_SUSPICIOUS_MOVE = YES;
				CLANG_WARN_UNREACHABLE_CODE = YES;
				CLANG_WARN__DUPLICATE_METHOD_MATCH = YES;
				COPY_PHASE_STRIP = NO;
				DEBUG_INFORMATION_FORMAT = dwarf;
				ENABLE_STRICT_OBJC_MSGSEND = YES;
				ENABLE_TESTABILITY = YES;
				GCC_C_LANGUAGE_STANDARD = gnu99;
				GCC_DYNAMIC_NO_PIC = NO;
				GCC_NO_COMMON_BLOCKS = YES;
				GCC_OPTIMIZATION_LEVEL = 0;
				GCC_PREPROCESSOR_DEFINITIONS = (
					"DEBUG=1",
					"$(inherited)",
				);
				GCC_WARN_64_TO_32_BIT_CONVERSION = YES;
				GCC_WARN_ABOUT_RETURN_TYPE = YES_ERROR;
				GCC_WARN_UNDECLARED_SELECTOR = YES;
				GCC_WARN_UNINITIALIZED_AUTOS = YES_AGGRESSIVE;
				GCC_WARN_UNUSED_FUNCTION = YES;
				GCC_WARN_UNUSED_VARIABLE = YES;
				MACOSX_DEPLOYMENT_TARGET = 10.12;
				MTL_ENABLE_DEBUG_INFO = YES;
				ONLY_ACTIVE_ARCH = YES;
				SDKROOT = macosx;
			};
			name = Debug;
		};
		44D3CD721BCBFAED0074E300 /* Release */ = {
			isa = XCBuildConfiguration;
			buildSettings = {
				ALWAYS_SEARCH_USER_PATHS = NO;
				CLANG_CXX_LANGUAGE_STANDARD = "gnu++0x";
				CLANG_CXX_LIBRARY = "libc++";
				CLANG_ENABLE_MODULES = YES;
				CLANG_ENABLE_OBJC_ARC = YES;
				CLANG_WARN_BOOL_CONVERSION = YES;
				CLANG_WARN_CONSTANT_CONVERSION = YES;
				CLANG_WARN_DIRECT_OBJC_ISA_USAGE = YES_ERROR;
				CLANG_WARN_EMPTY_BODY = YES;
				CLANG_WARN_ENUM_CONVERSION = YES;
				CLANG_WARN_INFINITE_RECURSION = YES;
				CLANG_WARN_INT_CONVERSION = YES;
				CLANG_WARN_OBJC_ROOT_CLASS = YES_ERROR;
				CLANG_WARN_SUSPICIOUS_MOVE = YES;
				CLANG_WARN_UNREACHABLE_CODE = YES;
				CLANG_WARN__DUPLICATE_METHOD_MATCH = YES;
				COPY_PHASE_STRIP = NO;
				DEBUG_INFORMATION_FORMAT = "dwarf-with-dsym";
				ENABLE_NS_ASSERTIONS = NO;
				ENABLE_STRICT_OBJC_MSGSEND = YES;
				GCC_C_LANGUAGE_STANDARD = gnu99;
				GCC_NO_COMMON_BLOCKS = YES;
				GCC_WARN_64_TO_32_BIT_CONVERSION = YES;
				GCC_WARN_ABOUT_RETURN_TYPE = YES_ERROR;
				GCC_WARN_UNDECLARED_SELECTOR = YES;
				GCC_WARN_UNINITIALIZED_AUTOS = YES_AGGRESSIVE;
				GCC_WARN_UNUSED_FUNCTION = YES;
				GCC_WARN_UNUSED_VARIABLE = YES;
				MACOSX_DEPLOYMENT_TARGET = 10.12;
				MTL_ENABLE_DEBUG_INFO = NO;
				SDKROOT = macosx;
			};
			name = Release;
		};
		44D3CD741BCBFAED0074E300 /* Debug */ = {
			isa = XCBuildConfiguration;
			buildSettings = {
				HEADER_SEARCH_PATHS = /usr/local/include/;
				LIBRARY_SEARCH_PATHS = (
					"$(inherited)",
					/usr/local/Cellar/glew/1.12.0/lib,
					/usr/local/lib/,
					/usr/local/Cellar/assimp/3.1.1/lib,
					/usr/local/Cellar/sdl2/2.0.3/lib,
				);
				PRODUCT_NAME = "$(TARGET_NAME)";
			};
			name = Debug;
		};
		44D3CD751BCBFAED0074E300 /* Release */ = {
			isa = XCBuildConfiguration;
			buildSettings = {
				HEADER_SEARCH_PATHS = /usr/local/include/;
				LIBRARY_SEARCH_PATHS = (
					"$(inherited)",
					/usr/local/Cellar/glew/1.12.0/lib,
					/usr/local/lib/,
					/usr/local/Cellar/assimp/3.1.1/lib,
					/usr/local/Cellar/sdl2/2.0.3/lib,
				);
				PRODUCT_NAME = "$(TARGET_NAME)";
			};
			name = Release;
		};
/* End XCBuildConfiguration section */

/* Begin XCConfigurationList section */
		44D3CD671BCBFAED0074E300 /* Build configuration list for PBXProject "Game_Engine" */ = {
			isa = XCConfigurationList;
			buildConfigurations = (
				44D3CD711BCBFAED0074E300 /* Debug */,
				44D3CD721BCBFAED0074E300 /* Release */,
			);
			defaultConfigurationIsVisible = 0;
			defaultConfigurationName = Release;
		};
		44D3CD731BCBFAED0074E300 /* Build configuration list for PBXNativeTarget "Game_Engine" */ = {
			isa = XCConfigurationList;
			buildConfigurations = (
				44D3CD741BCBFAED0074E300 /* Debug */,
				44D3CD751BCBFAED0074E300 /* Release */,
			);
			defaultConfigurationIsVisible = 0;
			defaultConfigurationName = Release;
		};
/* End XCConfigurationList section */
	};
	rootObject = 44D3CD641BCBFAED0074E300 /* Project object */;
}
