// !$*UTF8*$!
{
	archiveVersion = 1;
	classes = {
	};
	objectVersion = 46;
	objects = {

/* Begin PBXBuildFile section */
		440276501C8A2C8A00449791 /* phongShader.cpp in Sources */ = {isa = PBXBuildFile; fileRef = 4402764C1C8A2C8A00449791 /* phongShader.cpp */; };
		440276511C8A2C8A00449791 /* textShader.cpp in Sources */ = {isa = PBXBuildFile; fileRef = 4402764E1C8A2C8A00449791 /* textShader.cpp */; };
		440276541C8A35C400449791 /* config.cpp in Sources */ = {isa = PBXBuildFile; fileRef = 440276521C8A35C400449791 /* config.cpp */; };
		4402CE001C28C95A00F11AA8 /* libSDL2-2.0.0.dylib in Frameworks */ = {isa = PBXBuildFile; fileRef = 447B54141BF04A9600BB5977 /* libSDL2-2.0.0.dylib */; };
		44040E461C18E3410058A84B /* libassimp.3.1.1.dylib in Frameworks */ = {isa = PBXBuildFile; fileRef = 44040E451C18E3410058A84B /* libassimp.3.1.1.dylib */; };
		440BD6FC1C889027001DB584 /* message.cpp in Sources */ = {isa = PBXBuildFile; fileRef = 440BD6F41C889027001DB584 /* message.cpp */; };
		440BD6FD1C889027001DB584 /* messageBus.cpp in Sources */ = {isa = PBXBuildFile; fileRef = 440BD6F61C889027001DB584 /* messageBus.cpp */; };
		440BD6FE1C889027001DB584 /* messagePayload.cpp in Sources */ = {isa = PBXBuildFile; fileRef = 440BD6F81C889027001DB584 /* messagePayload.cpp */; };
		440BD7101C88904F001DB584 /* cameraSystem.cpp in Sources */ = {isa = PBXBuildFile; fileRef = 440BD6FF1C88904F001DB584 /* cameraSystem.cpp */; };
		440BD7111C88904F001DB584 /* coreEngineSystem.cpp in Sources */ = {isa = PBXBuildFile; fileRef = 440BD7011C88904F001DB584 /* coreEngineSystem.cpp */; };
		440BD7121C88904F001DB584 /* entitySystem.cpp in Sources */ = {isa = PBXBuildFile; fileRef = 440BD7031C88904F001DB584 /* entitySystem.cpp */; };
		440BD7131C88904F001DB584 /* gameSystem.cpp in Sources */ = {isa = PBXBuildFile; fileRef = 440BD7051C88904F001DB584 /* gameSystem.cpp */; };
		440BD7141C88904F001DB584 /* inputSystem.cpp in Sources */ = {isa = PBXBuildFile; fileRef = 440BD7071C88904F001DB584 /* inputSystem.cpp */; };
		440BD7151C88904F001DB584 /* renderingEngineSystem.cpp in Sources */ = {isa = PBXBuildFile; fileRef = 440BD7091C88904F001DB584 /* renderingEngineSystem.cpp */; };
		440BD7161C88904F001DB584 /* system.cpp in Sources */ = {isa = PBXBuildFile; fileRef = 440BD70B1C88904F001DB584 /* system.cpp */; };
		440BD7171C88904F001DB584 /* windowSystem.cpp in Sources */ = {isa = PBXBuildFile; fileRef = 440BD70E1C88904F001DB584 /* windowSystem.cpp */; };
		440BD71E1C889057001DB584 /* inputFramework.cpp in Sources */ = {isa = PBXBuildFile; fileRef = 440BD7181C889057001DB584 /* inputFramework.cpp */; };
		440BD71F1C889057001DB584 /* renderFramework.cpp in Sources */ = {isa = PBXBuildFile; fileRef = 440BD71A1C889057001DB584 /* renderFramework.cpp */; };
		440BD7201C889057001DB584 /* shadingFramework.cpp in Sources */ = {isa = PBXBuildFile; fileRef = 440BD71C1C889057001DB584 /* shadingFramework.cpp */; };
		440BD7371C889064001DB584 /* basicShader.cpp in Sources */ = {isa = PBXBuildFile; fileRef = 440BD7211C889064001DB584 /* basicShader.cpp */; };
		440BD7381C889064001DB584 /* camera.cpp in Sources */ = {isa = PBXBuildFile; fileRef = 440BD7231C889064001DB584 /* camera.cpp */; };
		440BD7391C889064001DB584 /* dateTime.cpp in Sources */ = {isa = PBXBuildFile; fileRef = 440BD7251C889064001DB584 /* dateTime.cpp */; };
		440BD73A1C889064001DB584 /* entity.cpp in Sources */ = {isa = PBXBuildFile; fileRef = 440BD7271C889064001DB584 /* entity.cpp */; };
		440BD73B1C889064001DB584 /* math3d.cpp in Sources */ = {isa = PBXBuildFile; fileRef = 440BD7291C889064001DB584 /* math3d.cpp */; };
		440BD73C1C889064001DB584 /* mesh.cpp in Sources */ = {isa = PBXBuildFile; fileRef = 440BD72B1C889064001DB584 /* mesh.cpp */; };
		440BD73D1C889064001DB584 /* shader.cpp in Sources */ = {isa = PBXBuildFile; fileRef = 440BD72D1C889064001DB584 /* shader.cpp */; };
		440BD73E1C889064001DB584 /* time.cpp in Sources */ = {isa = PBXBuildFile; fileRef = 440BD72F1C889064001DB584 /* time.cpp */; };
		440BD73F1C889064001DB584 /* transform.cpp in Sources */ = {isa = PBXBuildFile; fileRef = 440BD7311C889064001DB584 /* transform.cpp */; };
		440BD7401C889064001DB584 /* utility.cpp in Sources */ = {isa = PBXBuildFile; fileRef = 440BD7331C889064001DB584 /* utility.cpp */; };
		440BD7441C88909D001DB584 /* windowFramework.cpp in Sources */ = {isa = PBXBuildFile; fileRef = 440BD7421C88909D001DB584 /* windowFramework.cpp */; };
		440BD74F1C88E35B001DB584 /* texture.cpp in Sources */ = {isa = PBXBuildFile; fileRef = 440BD74D1C88E35B001DB584 /* texture.cpp */; };
		440BD7541C88E3EF001DB584 /* renderableEntity.cpp in Sources */ = {isa = PBXBuildFile; fileRef = 440BD7511C88E3EF001DB584 /* renderableEntity.cpp */; };
		440BD7571C88E4BF001DB584 /* stb_image.c in Sources */ = {isa = PBXBuildFile; fileRef = 440BD7551C88E4BF001DB584 /* stb_image.c */; };
		4415CD891BDD70CC00E91770 /* CoreFoundation.framework in Frameworks */ = {isa = PBXBuildFile; fileRef = 4415CD881BDD70CC00E91770 /* CoreFoundation.framework */; };
		4415CD961BDDCD6400E91770 /* libglfw.3.1.dylib in Frameworks */ = {isa = PBXBuildFile; fileRef = 449D85F61BD6BACB00B72584 /* libglfw.3.1.dylib */; };
		4421D5CC1C2C731600180432 /* CoreGraphics.framework in Frameworks */ = {isa = PBXBuildFile; fileRef = 4421D5CB1C2C731600180432 /* CoreGraphics.framework */; };
		449D85F41BD6B6F300B72584 /* OpenGL.framework in Frameworks */ = {isa = PBXBuildFile; fileRef = 449D85F31BD6B6F300B72584 /* OpenGL.framework */; };
		449D85F91BD6BB0900B72584 /* libGLEW.1.12.0.dylib in Frameworks */ = {isa = PBXBuildFile; fileRef = 449D85F81BD6BB0900B72584 /* libGLEW.1.12.0.dylib */; };
		44D3CD701BCBFAED0074E300 /* main.cpp in Sources */ = {isa = PBXBuildFile; fileRef = 44D3CD6F1BCBFAED0074E300 /* main.cpp */; };
/* End PBXBuildFile section */

/* Begin PBXCopyFilesBuildPhase section */
		44D3CD6A1BCBFAED0074E300 /* CopyFiles */ = {
			isa = PBXCopyFilesBuildPhase;
			buildActionMask = 2147483647;
			dstPath = /usr/share/man/man1/;
			dstSubfolderSpec = 0;
			files = (
			);
			runOnlyForDeploymentPostprocessing = 1;
		};
/* End PBXCopyFilesBuildPhase section */

/* Begin PBXFileReference section */
		4402764B1C8A2C8A00449791 /* lighting.h */ = {isa = PBXFileReference; fileEncoding = 4; lastKnownFileType = sourcecode.c.h; name = lighting.h; path = Engine/lighting.h; sourceTree = "<group>"; };
		4402764C1C8A2C8A00449791 /* phongShader.cpp */ = {isa = PBXFileReference; fileEncoding = 4; lastKnownFileType = sourcecode.cpp.cpp; name = phongShader.cpp; path = Engine/phongShader.cpp; sourceTree = "<group>"; };
		4402764D1C8A2C8A00449791 /* phongShader.h */ = {isa = PBXFileReference; fileEncoding = 4; lastKnownFileType = sourcecode.c.h; name = phongShader.h; path = Engine/phongShader.h; sourceTree = "<group>"; };
		4402764E1C8A2C8A00449791 /* textShader.cpp */ = {isa = PBXFileReference; fileEncoding = 4; lastKnownFileType = sourcecode.cpp.cpp; name = textShader.cpp; path = Engine/textShader.cpp; sourceTree = "<group>"; };
		4402764F1C8A2C8A00449791 /* textShader.h */ = {isa = PBXFileReference; fileEncoding = 4; lastKnownFileType = sourcecode.c.h; name = textShader.h; path = Engine/textShader.h; sourceTree = "<group>"; };
		440276521C8A35C400449791 /* config.cpp */ = {isa = PBXFileReference; fileEncoding = 4; lastKnownFileType = sourcecode.cpp.cpp; name = config.cpp; path = Engine/config.cpp; sourceTree = "<group>"; };
		440276531C8A35C400449791 /* config.h */ = {isa = PBXFileReference; fileEncoding = 4; lastKnownFileType = sourcecode.c.h; name = config.h; path = Engine/config.h; sourceTree = "<group>"; };
		44040E451C18E3410058A84B /* libassimp.3.1.1.dylib */ = {isa = PBXFileReference; lastKnownFileType = "compiled.mach-o.dylib"; name = libassimp.3.1.1.dylib; path = ../../../../usr/local/Cellar/assimp/3.1.1/lib/libassimp.3.1.1.dylib; sourceTree = "<group>"; };
		440BD6F41C889027001DB584 /* message.cpp */ = {isa = PBXFileReference; fileEncoding = 4; lastKnownFileType = sourcecode.cpp.cpp; name = message.cpp; path = Messaging/message.cpp; sourceTree = "<group>"; };
		440BD6F51C889027001DB584 /* message.h */ = {isa = PBXFileReference; fileEncoding = 4; lastKnownFileType = sourcecode.c.h; name = message.h; path = Messaging/message.h; sourceTree = "<group>"; };
		440BD6F61C889027001DB584 /* messageBus.cpp */ = {isa = PBXFileReference; fileEncoding = 4; lastKnownFileType = sourcecode.cpp.cpp; name = messageBus.cpp; path = Messaging/messageBus.cpp; sourceTree = "<group>"; };
		440BD6F71C889027001DB584 /* messageBus.h */ = {isa = PBXFileReference; fileEncoding = 4; lastKnownFileType = sourcecode.c.h; name = messageBus.h; path = Messaging/messageBus.h; sourceTree = "<group>"; };
		440BD6F81C889027001DB584 /* messagePayload.cpp */ = {isa = PBXFileReference; fileEncoding = 4; lastKnownFileType = sourcecode.cpp.cpp; name = messagePayload.cpp; path = Messaging/messagePayload.cpp; sourceTree = "<group>"; };
		440BD6F91C889027001DB584 /* messagePayload.h */ = {isa = PBXFileReference; fileEncoding = 4; lastKnownFileType = sourcecode.c.h; name = messagePayload.h; path = Messaging/messagePayload.h; sourceTree = "<group>"; };
		440BD6FA1C889027001DB584 /* messageType.h */ = {isa = PBXFileReference; fileEncoding = 4; lastKnownFileType = sourcecode.c.h; name = messageType.h; path = Messaging/messageType.h; sourceTree = "<group>"; };
		440BD6FB1C889027001DB584 /* payloadType.h */ = {isa = PBXFileReference; fileEncoding = 4; lastKnownFileType = sourcecode.c.h; name = payloadType.h; path = Messaging/payloadType.h; sourceTree = "<group>"; };
		440BD6FF1C88904F001DB584 /* cameraSystem.cpp */ = {isa = PBXFileReference; fileEncoding = 4; lastKnownFileType = sourcecode.cpp.cpp; name = cameraSystem.cpp; path = Systems/cameraSystem.cpp; sourceTree = "<group>"; };
		440BD7001C88904F001DB584 /* cameraSystem.h */ = {isa = PBXFileReference; fileEncoding = 4; lastKnownFileType = sourcecode.c.h; name = cameraSystem.h; path = Systems/cameraSystem.h; sourceTree = "<group>"; };
		440BD7011C88904F001DB584 /* coreEngineSystem.cpp */ = {isa = PBXFileReference; fileEncoding = 4; lastKnownFileType = sourcecode.cpp.cpp; name = coreEngineSystem.cpp; path = Systems/coreEngineSystem.cpp; sourceTree = "<group>"; };
		440BD7021C88904F001DB584 /* coreEngineSystem.h */ = {isa = PBXFileReference; fileEncoding = 4; lastKnownFileType = sourcecode.c.h; name = coreEngineSystem.h; path = Systems/coreEngineSystem.h; sourceTree = "<group>"; };
		440BD7031C88904F001DB584 /* entitySystem.cpp */ = {isa = PBXFileReference; fileEncoding = 4; lastKnownFileType = sourcecode.cpp.cpp; name = entitySystem.cpp; path = Systems/entitySystem.cpp; sourceTree = "<group>"; };
		440BD7041C88904F001DB584 /* entitySystem.h */ = {isa = PBXFileReference; fileEncoding = 4; lastKnownFileType = sourcecode.c.h; name = entitySystem.h; path = Systems/entitySystem.h; sourceTree = "<group>"; };
		440BD7051C88904F001DB584 /* gameSystem.cpp */ = {isa = PBXFileReference; fileEncoding = 4; lastKnownFileType = sourcecode.cpp.cpp; name = gameSystem.cpp; path = Systems/gameSystem.cpp; sourceTree = "<group>"; };
		440BD7061C88904F001DB584 /* gameSystem.h */ = {isa = PBXFileReference; fileEncoding = 4; lastKnownFileType = sourcecode.c.h; name = gameSystem.h; path = Systems/gameSystem.h; sourceTree = "<group>"; };
		440BD7071C88904F001DB584 /* inputSystem.cpp */ = {isa = PBXFileReference; fileEncoding = 4; lastKnownFileType = sourcecode.cpp.cpp; name = inputSystem.cpp; path = Systems/inputSystem.cpp; sourceTree = "<group>"; };
		440BD7081C88904F001DB584 /* inputSystem.h */ = {isa = PBXFileReference; fileEncoding = 4; lastKnownFileType = sourcecode.c.h; name = inputSystem.h; path = Systems/inputSystem.h; sourceTree = "<group>"; };
		440BD7091C88904F001DB584 /* renderingEngineSystem.cpp */ = {isa = PBXFileReference; fileEncoding = 4; lastKnownFileType = sourcecode.cpp.cpp; name = renderingEngineSystem.cpp; path = Systems/renderingEngineSystem.cpp; sourceTree = "<group>"; };
		440BD70A1C88904F001DB584 /* renderingEngineSystem.h */ = {isa = PBXFileReference; fileEncoding = 4; lastKnownFileType = sourcecode.c.h; name = renderingEngineSystem.h; path = Systems/renderingEngineSystem.h; sourceTree = "<group>"; };
		440BD70B1C88904F001DB584 /* system.cpp */ = {isa = PBXFileReference; fileEncoding = 4; lastKnownFileType = sourcecode.cpp.cpp; name = system.cpp; path = Systems/system.cpp; sourceTree = "<group>"; };
		440BD70C1C88904F001DB584 /* system.h */ = {isa = PBXFileReference; fileEncoding = 4; lastKnownFileType = sourcecode.c.h; name = system.h; path = Systems/system.h; sourceTree = "<group>"; };
		440BD70D1C88904F001DB584 /* systemType.h */ = {isa = PBXFileReference; fileEncoding = 4; lastKnownFileType = sourcecode.c.h; name = systemType.h; path = Systems/systemType.h; sourceTree = "<group>"; };
		440BD70E1C88904F001DB584 /* windowSystem.cpp */ = {isa = PBXFileReference; fileEncoding = 4; lastKnownFileType = sourcecode.cpp.cpp; name = windowSystem.cpp; path = Systems/windowSystem.cpp; sourceTree = "<group>"; };
		440BD70F1C88904F001DB584 /* windowSystem.h */ = {isa = PBXFileReference; fileEncoding = 4; lastKnownFileType = sourcecode.c.h; name = windowSystem.h; path = Systems/windowSystem.h; sourceTree = "<group>"; };
		440BD7181C889057001DB584 /* inputFramework.cpp */ = {isa = PBXFileReference; fileEncoding = 4; lastKnownFileType = sourcecode.cpp.cpp; name = inputFramework.cpp; path = Framework/inputFramework.cpp; sourceTree = "<group>"; };
		440BD7191C889057001DB584 /* inputFramework.h */ = {isa = PBXFileReference; fileEncoding = 4; lastKnownFileType = sourcecode.c.h; name = inputFramework.h; path = Framework/inputFramework.h; sourceTree = "<group>"; };
		440BD71A1C889057001DB584 /* renderFramework.cpp */ = {isa = PBXFileReference; fileEncoding = 4; lastKnownFileType = sourcecode.cpp.cpp; name = renderFramework.cpp; path = Framework/renderFramework.cpp; sourceTree = "<group>"; };
		440BD71B1C889057001DB584 /* renderFramework.h */ = {isa = PBXFileReference; fileEncoding = 4; lastKnownFileType = sourcecode.c.h; name = renderFramework.h; path = Framework/renderFramework.h; sourceTree = "<group>"; };
		440BD71C1C889057001DB584 /* shadingFramework.cpp */ = {isa = PBXFileReference; fileEncoding = 4; lastKnownFileType = sourcecode.cpp.cpp; name = shadingFramework.cpp; path = Framework/shadingFramework.cpp; sourceTree = "<group>"; };
		440BD71D1C889057001DB584 /* shadingFramework.h */ = {isa = PBXFileReference; fileEncoding = 4; lastKnownFileType = sourcecode.c.h; name = shadingFramework.h; path = Framework/shadingFramework.h; sourceTree = "<group>"; };
		440BD7211C889064001DB584 /* basicShader.cpp */ = {isa = PBXFileReference; fileEncoding = 4; lastKnownFileType = sourcecode.cpp.cpp; name = basicShader.cpp; path = Engine/basicShader.cpp; sourceTree = "<group>"; };
		440BD7221C889064001DB584 /* basicShader.h */ = {isa = PBXFileReference; fileEncoding = 4; lastKnownFileType = sourcecode.c.h; name = basicShader.h; path = Engine/basicShader.h; sourceTree = "<group>"; };
		440BD7231C889064001DB584 /* camera.cpp */ = {isa = PBXFileReference; fileEncoding = 4; lastKnownFileType = sourcecode.cpp.cpp; name = camera.cpp; path = Engine/camera.cpp; sourceTree = "<group>"; };
		440BD7241C889064001DB584 /* camera.h */ = {isa = PBXFileReference; fileEncoding = 4; lastKnownFileType = sourcecode.c.h; name = camera.h; path = Engine/camera.h; sourceTree = "<group>"; };
		440BD7251C889064001DB584 /* dateTime.cpp */ = {isa = PBXFileReference; fileEncoding = 4; lastKnownFileType = sourcecode.cpp.cpp; name = dateTime.cpp; path = Engine/dateTime.cpp; sourceTree = "<group>"; };
		440BD7261C889064001DB584 /* dateTime.h */ = {isa = PBXFileReference; fileEncoding = 4; lastKnownFileType = sourcecode.c.h; name = dateTime.h; path = Engine/dateTime.h; sourceTree = "<group>"; };
		440BD7271C889064001DB584 /* entity.cpp */ = {isa = PBXFileReference; fileEncoding = 4; lastKnownFileType = sourcecode.cpp.cpp; name = entity.cpp; path = Engine/entity.cpp; sourceTree = "<group>"; };
		440BD7281C889064001DB584 /* entity.h */ = {isa = PBXFileReference; fileEncoding = 4; lastKnownFileType = sourcecode.c.h; name = entity.h; path = Engine/entity.h; sourceTree = "<group>"; };
		440BD7291C889064001DB584 /* math3d.cpp */ = {isa = PBXFileReference; fileEncoding = 4; lastKnownFileType = sourcecode.cpp.cpp; name = math3d.cpp; path = Engine/math3d.cpp; sourceTree = "<group>"; };
		440BD72A1C889064001DB584 /* math3d.h */ = {isa = PBXFileReference; fileEncoding = 4; lastKnownFileType = sourcecode.c.h; name = math3d.h; path = Engine/math3d.h; sourceTree = "<group>"; };
		440BD72B1C889064001DB584 /* mesh.cpp */ = {isa = PBXFileReference; fileEncoding = 4; lastKnownFileType = sourcecode.cpp.cpp; name = mesh.cpp; path = Engine/mesh.cpp; sourceTree = "<group>"; };
		440BD72C1C889064001DB584 /* mesh.h */ = {isa = PBXFileReference; fileEncoding = 4; lastKnownFileType = sourcecode.c.h; name = mesh.h; path = Engine/mesh.h; sourceTree = "<group>"; };
		440BD72D1C889064001DB584 /* shader.cpp */ = {isa = PBXFileReference; fileEncoding = 4; lastKnownFileType = sourcecode.cpp.cpp; name = shader.cpp; path = Engine/shader.cpp; sourceTree = "<group>"; };
		440BD72E1C889064001DB584 /* shader.h */ = {isa = PBXFileReference; fileEncoding = 4; lastKnownFileType = sourcecode.c.h; name = shader.h; path = Engine/shader.h; sourceTree = "<group>"; };
		440BD72F1C889064001DB584 /* time.cpp */ = {isa = PBXFileReference; fileEncoding = 4; lastKnownFileType = sourcecode.cpp.cpp; name = time.cpp; path = Engine/time.cpp; sourceTree = "<group>"; };
		440BD7301C889064001DB584 /* time.h */ = {isa = PBXFileReference; fileEncoding = 4; lastKnownFileType = sourcecode.c.h; name = time.h; path = Engine/time.h; sourceTree = "<group>"; };
		440BD7311C889064001DB584 /* transform.cpp */ = {isa = PBXFileReference; fileEncoding = 4; lastKnownFileType = sourcecode.cpp.cpp; name = transform.cpp; path = Engine/transform.cpp; sourceTree = "<group>"; };
		440BD7321C889064001DB584 /* transform.h */ = {isa = PBXFileReference; fileEncoding = 4; lastKnownFileType = sourcecode.c.h; name = transform.h; path = Engine/transform.h; sourceTree = "<group>"; };
		440BD7331C889064001DB584 /* utility.cpp */ = {isa = PBXFileReference; fileEncoding = 4; lastKnownFileType = sourcecode.cpp.cpp; name = utility.cpp; path = Engine/utility.cpp; sourceTree = "<group>"; };
		440BD7341C889064001DB584 /* utility.h */ = {isa = PBXFileReference; fileEncoding = 4; lastKnownFileType = sourcecode.c.h; name = utility.h; path = Engine/utility.h; sourceTree = "<group>"; };
		440BD7421C88909D001DB584 /* windowFramework.cpp */ = {isa = PBXFileReference; fileEncoding = 4; lastKnownFileType = sourcecode.cpp.cpp; name = windowFramework.cpp; path = Framework/windowFramework.cpp; sourceTree = "<group>"; };
		440BD7431C88909D001DB584 /* windowFramework.h */ = {isa = PBXFileReference; fileEncoding = 4; lastKnownFileType = sourcecode.c.h; name = windowFramework.h; path = Framework/windowFramework.h; sourceTree = "<group>"; };
		440BD74C1C88E35B001DB584 /* material.h */ = {isa = PBXFileReference; fileEncoding = 4; lastKnownFileType = sourcecode.c.h; name = material.h; path = Engine/material.h; sourceTree = "<group>"; };
		440BD74D1C88E35B001DB584 /* texture.cpp */ = {isa = PBXFileReference; fileEncoding = 4; lastKnownFileType = sourcecode.cpp.cpp; name = texture.cpp; path = Engine/texture.cpp; sourceTree = "<group>"; };
		440BD74E1C88E35B001DB584 /* texture.h */ = {isa = PBXFileReference; fileEncoding = 4; lastKnownFileType = sourcecode.c.h; name = texture.h; path = Engine/texture.h; sourceTree = "<group>"; };
		440BD7501C88E3DC001DB584 /* drawMode.h */ = {isa = PBXFileReference; fileEncoding = 4; lastKnownFileType = sourcecode.c.h; name = drawMode.h; path = Framework/drawMode.h; sourceTree = "<group>"; };
		440BD7511C88E3EF001DB584 /* renderableEntity.cpp */ = {isa = PBXFileReference; fileEncoding = 4; lastKnownFileType = sourcecode.cpp.cpp; name = renderableEntity.cpp; path = Engine/renderableEntity.cpp; sourceTree = "<group>"; };
		440BD7521C88E3EF001DB584 /* renderableEntity.h */ = {isa = PBXFileReference; fileEncoding = 4; lastKnownFileType = sourcecode.c.h; name = renderableEntity.h; path = Engine/renderableEntity.h; sourceTree = "<group>"; };
		440BD7531C88E3EF001DB584 /* shaderType.h */ = {isa = PBXFileReference; fileEncoding = 4; lastKnownFileType = sourcecode.c.h; name = shaderType.h; path = Engine/shaderType.h; sourceTree = "<group>"; };
		440BD7551C88E4BF001DB584 /* stb_image.c */ = {isa = PBXFileReference; fileEncoding = 4; lastKnownFileType = sourcecode.c.c; name = stb_image.c; path = Engine/stb_image.c; sourceTree = "<group>"; };
		440BD7561C88E4BF001DB584 /* stb_image.h */ = {isa = PBXFileReference; fileEncoding = 4; lastKnownFileType = sourcecode.c.h; name = stb_image.h; path = Engine/stb_image.h; sourceTree = "<group>"; };
		4415CD881BDD70CC00E91770 /* CoreFoundation.framework */ = {isa = PBXFileReference; lastKnownFileType = wrapper.framework; name = CoreFoundation.framework; path = System/Library/Frameworks/CoreFoundation.framework; sourceTree = SDKROOT; };
		4421D5CB1C2C731600180432 /* CoreGraphics.framework */ = {isa = PBXFileReference; lastKnownFileType = wrapper.framework; name = CoreGraphics.framework; path = System/Library/Frameworks/CoreGraphics.framework; sourceTree = SDKROOT; };
		447B54141BF04A9600BB5977 /* libSDL2-2.0.0.dylib */ = {isa = PBXFileReference; lastKnownFileType = "compiled.mach-o.dylib"; name = "libSDL2-2.0.0.dylib"; path = "../../../../usr/local/Cellar/sdl2/2.0.3/lib/libSDL2-2.0.0.dylib"; sourceTree = "<group>"; };
		449D85F31BD6B6F300B72584 /* OpenGL.framework */ = {isa = PBXFileReference; lastKnownFileType = wrapper.framework; name = OpenGL.framework; path = System/Library/Frameworks/OpenGL.framework; sourceTree = SDKROOT; };
		449D85F61BD6BACB00B72584 /* libglfw.3.1.dylib */ = {isa = PBXFileReference; lastKnownFileType = "compiled.mach-o.dylib"; name = libglfw.3.1.dylib; path = ../../../../usr/local/lib/libglfw.3.1.dylib; sourceTree = "<group>"; };
		449D85F81BD6BB0900B72584 /* libGLEW.1.12.0.dylib */ = {isa = PBXFileReference; lastKnownFileType = "compiled.mach-o.dylib"; name = libGLEW.1.12.0.dylib; path = ../../../../usr/local/Cellar/glew/1.12.0/lib/libGLEW.1.12.0.dylib; sourceTree = "<group>"; };
		44D3CD6C1BCBFAED0074E300 /* Game_Engine */ = {isa = PBXFileReference; explicitFileType = "compiled.mach-o.executable"; includeInIndex = 0; path = Game_Engine; sourceTree = BUILT_PRODUCTS_DIR; };
		44D3CD6F1BCBFAED0074E300 /* main.cpp */ = {isa = PBXFileReference; lastKnownFileType = sourcecode.cpp.cpp; path = main.cpp; sourceTree = "<group>"; };
/* End PBXFileReference section */

/* Begin PBXFrameworksBuildPhase section */
		44D3CD691BCBFAED0074E300 /* Frameworks */ = {
			isa = PBXFrameworksBuildPhase;
			buildActionMask = 2147483647;
			files = (
				4421D5CC1C2C731600180432 /* CoreGraphics.framework in Frameworks */,
				4402CE001C28C95A00F11AA8 /* libSDL2-2.0.0.dylib in Frameworks */,
				44040E461C18E3410058A84B /* libassimp.3.1.1.dylib in Frameworks */,
				4415CD891BDD70CC00E91770 /* CoreFoundation.framework in Frameworks */,
				449D85F91BD6BB0900B72584 /* libGLEW.1.12.0.dylib in Frameworks */,
				4415CD961BDDCD6400E91770 /* libglfw.3.1.dylib in Frameworks */,
				449D85F41BD6B6F300B72584 /* OpenGL.framework in Frameworks */,
			);
			runOnlyForDeploymentPostprocessing = 0;
		};
/* End PBXFrameworksBuildPhase section */

/* Begin PBXGroup section */
		440574661C767D1000F1CE5B /* Framework */ = {
			isa = PBXGroup;
			children = (
				440BD7421C88909D001DB584 /* windowFramework.cpp */,
				440BD7431C88909D001DB584 /* windowFramework.h */,
				440BD7181C889057001DB584 /* inputFramework.cpp */,
				440BD7191C889057001DB584 /* inputFramework.h */,
				440BD71A1C889057001DB584 /* renderFramework.cpp */,
				440BD71B1C889057001DB584 /* renderFramework.h */,
				440BD71C1C889057001DB584 /* shadingFramework.cpp */,
				440BD71D1C889057001DB584 /* shadingFramework.h */,
				440BD7501C88E3DC001DB584 /* drawMode.h */,
			);
			name = Framework;
			sourceTree = "<group>";
		};
		440574781C76A97300F1CE5B /* Systems */ = {
			isa = PBXGroup;
			children = (
				440BD6FF1C88904F001DB584 /* cameraSystem.cpp */,
				440BD7001C88904F001DB584 /* cameraSystem.h */,
				440BD7011C88904F001DB584 /* coreEngineSystem.cpp */,
				440BD7021C88904F001DB584 /* coreEngineSystem.h */,
				440BD7031C88904F001DB584 /* entitySystem.cpp */,
				440BD7041C88904F001DB584 /* entitySystem.h */,
				440BD7051C88904F001DB584 /* gameSystem.cpp */,
				440BD7061C88904F001DB584 /* gameSystem.h */,
				440BD7071C88904F001DB584 /* inputSystem.cpp */,
				440BD7081C88904F001DB584 /* inputSystem.h */,
				440BD7091C88904F001DB584 /* renderingEngineSystem.cpp */,
				440BD70A1C88904F001DB584 /* renderingEngineSystem.h */,
				440BD70E1C88904F001DB584 /* windowSystem.cpp */,
				440BD70F1C88904F001DB584 /* windowSystem.h */,
				440BD70B1C88904F001DB584 /* system.cpp */,
				440BD70C1C88904F001DB584 /* system.h */,
				440BD70D1C88904F001DB584 /* systemType.h */,
			);
			name = Systems;
			sourceTree = "<group>";
		};
		4405747D1C76AC3400F1CE5B /* Messaging */ = {
			isa = PBXGroup;
			children = (
				440BD6F41C889027001DB584 /* message.cpp */,
				440BD6F51C889027001DB584 /* message.h */,
				440BD6F61C889027001DB584 /* messageBus.cpp */,
				440BD6F71C889027001DB584 /* messageBus.h */,
				440BD6F81C889027001DB584 /* messagePayload.cpp */,
				440BD6F91C889027001DB584 /* messagePayload.h */,
				440BD6FA1C889027001DB584 /* messageType.h */,
				440BD6FB1C889027001DB584 /* payloadType.h */,
			);
			name = Messaging;
			sourceTree = "<group>";
		};
		449D85F51BD6B6F600B72584 /* Frameworks */ = {
			isa = PBXGroup;
			children = (
				4421D5CB1C2C731600180432 /* CoreGraphics.framework */,
				44040E451C18E3410058A84B /* libassimp.3.1.1.dylib */,
				447B54141BF04A9600BB5977 /* libSDL2-2.0.0.dylib */,
				4415CD881BDD70CC00E91770 /* CoreFoundation.framework */,
				449D85F81BD6BB0900B72584 /* libGLEW.1.12.0.dylib */,
				449D85F61BD6BACB00B72584 /* libglfw.3.1.dylib */,
				449D85F31BD6B6F300B72584 /* OpenGL.framework */,
			);
			name = Frameworks;
			sourceTree = "<group>";
		};
		44D3CD631BCBFAED0074E300 = {
			isa = PBXGroup;
			children = (
				449D85F51BD6B6F600B72584 /* Frameworks */,
				44D3CD6E1BCBFAED0074E300 /* Game_Engine */,
				44D3CD6D1BCBFAED0074E300 /* Products */,
			);
			sourceTree = "<group>";
			usesTabs = 1;
		};
		44D3CD6D1BCBFAED0074E300 /* Products */ = {
			isa = PBXGroup;
			children = (
				44D3CD6C1BCBFAED0074E300 /* Game_Engine */,
			);
			name = Products;
			sourceTree = "<group>";
		};
		44D3CD6E1BCBFAED0074E300 /* Game_Engine */ = {
			isa = PBXGroup;
			children = (
				4405747D1C76AC3400F1CE5B /* Messaging */,
				440574781C76A97300F1CE5B /* Systems */,
				440574661C767D1000F1CE5B /* Framework */,
				44D3CD761BCBFAF40074E300 /* Engine */,
				44D3CD6F1BCBFAED0074E300 /* main.cpp */,
			);
			path = Game_Engine;
			sourceTree = "<group>";
		};
		44D3CD761BCBFAF40074E300 /* Engine */ = {
			isa = PBXGroup;
			children = (
				440276521C8A35C400449791 /* config.cpp */,
				440276531C8A35C400449791 /* config.h */,
				4402764B1C8A2C8A00449791 /* lighting.h */,
				4402764C1C8A2C8A00449791 /* phongShader.cpp */,
				4402764D1C8A2C8A00449791 /* phongShader.h */,
				4402764E1C8A2C8A00449791 /* textShader.cpp */,
				4402764F1C8A2C8A00449791 /* textShader.h */,
				440BD7551C88E4BF001DB584 /* stb_image.c */,
				440BD7561C88E4BF001DB584 /* stb_image.h */,
				440BD74C1C88E35B001DB584 /* material.h */,
				440BD74D1C88E35B001DB584 /* texture.cpp */,
				440BD74E1C88E35B001DB584 /* texture.h */,
				440BD7211C889064001DB584 /* basicShader.cpp */,
				440BD7221C889064001DB584 /* basicShader.h */,
				440BD7231C889064001DB584 /* camera.cpp */,
				440BD7241C889064001DB584 /* camera.h */,
				440BD7251C889064001DB584 /* dateTime.cpp */,
				440BD7261C889064001DB584 /* dateTime.h */,
				440BD7271C889064001DB584 /* entity.cpp */,
				440BD7281C889064001DB584 /* entity.h */,
				440BD7291C889064001DB584 /* math3d.cpp */,
				440BD72A1C889064001DB584 /* math3d.h */,
				440BD72B1C889064001DB584 /* mesh.cpp */,
				440BD72C1C889064001DB584 /* mesh.h */,
				440BD72D1C889064001DB584 /* shader.cpp */,
				440BD72E1C889064001DB584 /* shader.h */,
				440BD72F1C889064001DB584 /* time.cpp */,
				440BD7301C889064001DB584 /* time.h */,
				440BD7311C889064001DB584 /* transform.cpp */,
				440BD7321C889064001DB584 /* transform.h */,
				440BD7331C889064001DB584 /* utility.cpp */,
				440BD7341C889064001DB584 /* utility.h */,
				440BD7511C88E3EF001DB584 /* renderableEntity.cpp */,
				440BD7521C88E3EF001DB584 /* renderableEntity.h */,
				440BD7531C88E3EF001DB584 /* shaderType.h */,
			);
			name = Engine;
			sourceTree = "<group>";
		};
/* End PBXGroup section */

/* Begin PBXNativeTarget section */
		44D3CD6B1BCBFAED0074E300 /* Game_Engine */ = {
			isa = PBXNativeTarget;
			buildConfigurationList = 44D3CD731BCBFAED0074E300 /* Build configuration list for PBXNativeTarget "Game_Engine" */;
			buildPhases = (
				44D3CD681BCBFAED0074E300 /* Sources */,
				44D3CD691BCBFAED0074E300 /* Frameworks */,
				44D3CD6A1BCBFAED0074E300 /* CopyFiles */,
			);
			buildRules = (
			);
			dependencies = (
			);
			name = Game_Engine;
			productName = Game_Engine;
			productReference = 44D3CD6C1BCBFAED0074E300 /* Game_Engine */;
			productType = "com.apple.product-type.tool";
		};
/* End PBXNativeTarget section */

/* Begin PBXProject section */
		44D3CD641BCBFAED0074E300 /* Project object */ = {
			isa = PBXProject;
			attributes = {
				LastUpgradeCheck = 0700;
				ORGANIZATIONNAME = "Craig Milby";
				TargetAttributes = {
					44D3CD6B1BCBFAED0074E300 = {
						CreatedOnToolsVersion = 7.0.1;
					};
				};
			};
			buildConfigurationList = 44D3CD671BCBFAED0074E300 /* Build configuration list for PBXProject "Game_Engine" */;
			compatibilityVersion = "Xcode 3.2";
			developmentRegion = English;
			hasScannedForEncodings = 0;
			knownRegions = (
				en,
			);
			mainGroup = 44D3CD631BCBFAED0074E300;
			productRefGroup = 44D3CD6D1BCBFAED0074E300 /* Products */;
			projectDirPath = "";
			projectRoot = "";
			targets = (
				44D3CD6B1BCBFAED0074E300 /* Game_Engine */,
			);
		};
/* End PBXProject section */

/* Begin PBXSourcesBuildPhase section */
		44D3CD681BCBFAED0074E300 /* Sources */ = {
			isa = PBXSourcesBuildPhase;
			buildActionMask = 2147483647;
			files = (
				440BD73B1C889064001DB584 /* math3d.cpp in Sources */,
				440BD7101C88904F001DB584 /* cameraSystem.cpp in Sources */,
				440BD73F1C889064001DB584 /* transform.cpp in Sources */,
				44D3CD701BCBFAED0074E300 /* main.cpp in Sources */,
				440BD7171C88904F001DB584 /* windowSystem.cpp in Sources */,
				440BD7121C88904F001DB584 /* entitySystem.cpp in Sources */,
				440BD7161C88904F001DB584 /* system.cpp in Sources */,
				440BD6FE1C889027001DB584 /* messagePayload.cpp in Sources */,
				440BD7141C88904F001DB584 /* inputSystem.cpp in Sources */,
				440276501C8A2C8A00449791 /* phongShader.cpp in Sources */,
				440BD7111C88904F001DB584 /* coreEngineSystem.cpp in Sources */,
				440BD7391C889064001DB584 /* dateTime.cpp in Sources */,
				440BD6FD1C889027001DB584 /* messageBus.cpp in Sources */,
				440BD7371C889064001DB584 /* basicShader.cpp in Sources */,
				440BD73D1C889064001DB584 /* shader.cpp in Sources */,
				440BD7381C889064001DB584 /* camera.cpp in Sources */,
				440BD73A1C889064001DB584 /* entity.cpp in Sources */,
				440276541C8A35C400449791 /* config.cpp in Sources */,
				440BD7131C88904F001DB584 /* gameSystem.cpp in Sources */,
				440BD7441C88909D001DB584 /* windowFramework.cpp in Sources */,
				440BD7201C889057001DB584 /* shadingFramework.cpp in Sources */,
				440BD71F1C889057001DB584 /* renderFramework.cpp in Sources */,
				440BD73E1C889064001DB584 /* time.cpp in Sources */,
				440BD71E1C889057001DB584 /* inputFramework.cpp in Sources */,
				440BD7541C88E3EF001DB584 /* renderableEntity.cpp in Sources */,
				440276511C8A2C8A00449791 /* textShader.cpp in Sources */,
				440BD7401C889064001DB584 /* utility.cpp in Sources */,
				440BD6FC1C889027001DB584 /* message.cpp in Sources */,
				440BD74F1C88E35B001DB584 /* texture.cpp in Sources */,
				440BD7151C88904F001DB584 /* renderingEngineSystem.cpp in Sources */,
				440BD7571C88E4BF001DB584 /* stb_image.c in Sources */,
				440BD73C1C889064001DB584 /* mesh.cpp in Sources */,
			);
			runOnlyForDeploymentPostprocessing = 0;
		};
/* End PBXSourcesBuildPhase section */

/* Begin XCBuildConfiguration section */
		44D3CD711BCBFAED0074E300 /* Debug */ = {
			isa = XCBuildConfiguration;
			buildSettings = {
				ALWAYS_SEARCH_USER_PATHS = NO;
				CLANG_CXX_LANGUAGE_STANDARD = "gnu++0x";
				CLANG_CXX_LIBRARY = "libc++";
				CLANG_ENABLE_MODULES = YES;
				CLANG_ENABLE_OBJC_ARC = YES;
				CLANG_WARN_BOOL_CONVERSION = YES;
				CLANG_WARN_CONSTANT_CONVERSION = YES;
				CLANG_WARN_DIRECT_OBJC_ISA_USAGE = YES_ERROR;
				CLANG_WARN_EMPTY_BODY = YES;
				CLANG_WARN_ENUM_CONVERSION = YES;
				CLANG_WARN_INT_CONVERSION = YES;
				CLANG_WARN_OBJC_ROOT_CLASS = YES_ERROR;
				CLANG_WARN_UNREACHABLE_CODE = YES;
				CLANG_WARN__DUPLICATE_METHOD_MATCH = YES;
				COPY_PHASE_STRIP = NO;
				DEBUG_INFORMATION_FORMAT = dwarf;
				ENABLE_STRICT_OBJC_MSGSEND = YES;
				ENABLE_TESTABILITY = YES;
				GCC_C_LANGUAGE_STANDARD = gnu99;
				GCC_DYNAMIC_NO_PIC = NO;
				GCC_NO_COMMON_BLOCKS = YES;
				GCC_OPTIMIZATION_LEVEL = 0;
				GCC_PREPROCESSOR_DEFINITIONS = (
					"DEBUG=1",
					"$(inherited)",
				);
				GCC_WARN_64_TO_32_BIT_CONVERSION = YES;
				GCC_WARN_ABOUT_RETURN_TYPE = YES_ERROR;
				GCC_WARN_UNDECLARED_SELECTOR = YES;
				GCC_WARN_UNINITIALIZED_AUTOS = YES_AGGRESSIVE;
				GCC_WARN_UNUSED_FUNCTION = YES;
				GCC_WARN_UNUSED_VARIABLE = YES;
				MACOSX_DEPLOYMENT_TARGET = 10.11;
				MTL_ENABLE_DEBUG_INFO = YES;
				ONLY_ACTIVE_ARCH = YES;
				SDKROOT = macosx;
			};
			name = Debug;
		};
		44D3CD721BCBFAED0074E300 /* Release */ = {
			isa = XCBuildConfiguration;
			buildSettings = {
				ALWAYS_SEARCH_USER_PATHS = NO;
				CLANG_CXX_LANGUAGE_STANDARD = "gnu++0x";
				CLANG_CXX_LIBRARY = "libc++";
				CLANG_ENABLE_MODULES = YES;
				CLANG_ENABLE_OBJC_ARC = YES;
				CLANG_WARN_BOOL_CONVERSION = YES;
				CLANG_WARN_CONSTANT_CONVERSION = YES;
				CLANG_WARN_DIRECT_OBJC_ISA_USAGE = YES_ERROR;
				CLANG_WARN_EMPTY_BODY = YES;
				CLANG_WARN_ENUM_CONVERSION = YES;
				CLANG_WARN_INT_CONVERSION = YES;
				CLANG_WARN_OBJC_ROOT_CLASS = YES_ERROR;
				CLANG_WARN_UNREACHABLE_CODE = YES;
				CLANG_WARN__DUPLICATE_METHOD_MATCH = YES;
				COPY_PHASE_STRIP = NO;
				DEBUG_INFORMATION_FORMAT = "dwarf-with-dsym";
				ENABLE_NS_ASSERTIONS = NO;
				ENABLE_STRICT_OBJC_MSGSEND = YES;
				GCC_C_LANGUAGE_STANDARD = gnu99;
				GCC_NO_COMMON_BLOCKS = YES;
				GCC_WARN_64_TO_32_BIT_CONVERSION = YES;
				GCC_WARN_ABOUT_RETURN_TYPE = YES_ERROR;
				GCC_WARN_UNDECLARED_SELECTOR = YES;
				GCC_WARN_UNINITIALIZED_AUTOS = YES_AGGRESSIVE;
				GCC_WARN_UNUSED_FUNCTION = YES;
				GCC_WARN_UNUSED_VARIABLE = YES;
				MACOSX_DEPLOYMENT_TARGET = 10.11;
				MTL_ENABLE_DEBUG_INFO = NO;
				SDKROOT = macosx;
			};
			name = Release;
		};
		44D3CD741BCBFAED0074E300 /* Debug */ = {
			isa = XCBuildConfiguration;
			buildSettings = {
				HEADER_SEARCH_PATHS = /usr/local/include/;
				LIBRARY_SEARCH_PATHS = (
					"$(inherited)",
					/usr/local/Cellar/glew/1.12.0/lib,
					/usr/local/lib/,
					/usr/local/Cellar/assimp/3.1.1/lib,
					/usr/local/Cellar/sdl2/2.0.3/lib,
				);
				PRODUCT_NAME = "$(TARGET_NAME)";
			};
			name = Debug;
		};
		44D3CD751BCBFAED0074E300 /* Release */ = {
			isa = XCBuildConfiguration;
			buildSettings = {
				HEADER_SEARCH_PATHS = /usr/local/include/;
				LIBRARY_SEARCH_PATHS = (
					"$(inherited)",
					/usr/local/Cellar/glew/1.12.0/lib,
					/usr/local/lib/,
					/usr/local/Cellar/assimp/3.1.1/lib,
					/usr/local/Cellar/sdl2/2.0.3/lib,
				);
				PRODUCT_NAME = "$(TARGET_NAME)";
			};
			name = Release;
		};
/* End XCBuildConfiguration section */

/* Begin XCConfigurationList section */
		44D3CD671BCBFAED0074E300 /* Build configuration list for PBXProject "Game_Engine" */ = {
			isa = XCConfigurationList;
			buildConfigurations = (
				44D3CD711BCBFAED0074E300 /* Debug */,
				44D3CD721BCBFAED0074E300 /* Release */,
			);
			defaultConfigurationIsVisible = 0;
			defaultConfigurationName = Release;
		};
		44D3CD731BCBFAED0074E300 /* Build configuration list for PBXNativeTarget "Game_Engine" */ = {
			isa = XCConfigurationList;
			buildConfigurations = (
				44D3CD741BCBFAED0074E300 /* Debug */,
				44D3CD751BCBFAED0074E300 /* Release */,
			);
			defaultConfigurationIsVisible = 0;
			defaultConfigurationName = Release;
		};
/* End XCConfigurationList section */
	};
	rootObject = 44D3CD641BCBFAED0074E300 /* Project object */;
}
